Microsoft Visual Studio Solution File, Format Version 12.00
# Visual Studio Version 17
VisualStudioVersion = 17.5.2.0
MinimumVisualStudioVersion = 10.0.40219.1
Project("{FAE04EC0-301F-11D3-BF4B-00C04F79EFBC}") = "Ex62_Method_refactoring", "Ex62_Method_refactoring.csproj", "{D5A9CD39-145C-27BB-3FE4-715E72A9D593}"
EndProject
Global
	GlobalSection(SolutionConfigurationPlatforms) = preSolution
		Debug|Any CPU = Debug|Any CPU
		Release|Any CPU = Release|Any CPU
	EndGlobalSection
	GlobalSection(ProjectConfigurationPlatforms) = postSolution
		{D5A9CD39-145C-27BB-3FE4-715E72A9D593}.Debug|Any CPU.ActiveCfg = Debug|Any CPU
		{D5A9CD39-145C-27BB-3FE4-715E72A9D593}.Debug|Any CPU.Build.0 = Debug|Any CPU
		{D5A9CD39-145C-27BB-3FE4-715E72A9D593}.Release|Any CPU.ActiveCfg = Release|Any CPU
		{D5A9CD39-145C-27BB-3FE4-715E72A9D593}.Release|Any CPU.Build.0 = Release|Any CPU
	EndGlobalSection
	GlobalSection(SolutionProperties) = preSolution
		HideSolutionNode = FALSE
	EndGlobalSection
	GlobalSection(ExtensibilityGlobals) = postSolution
		SolutionGuid = {A0E06B27-6D85-4A73-9264-9F089CDB8911}
	EndGlobalSection
EndGlobal
