
Microsoft Visual Studio Solution File, Format Version 12.00
# Visual Studio Version 17
VisualStudioVersion = 17.0.31903.59
MinimumVisualStudioVersion = 10.0.40219.1
Project("{2150E333-8FDC-42A3-9474-1A3956D46DE8}") = "01_Fundamentals", "01_Fundamentals", "{A1A468C3-650E-C533-5DF2-B144BECFC663}"
EndProject
Project("{FAE04EC0-301F-11D3-BF4B-00C04F79EFBC}") = "Ex01_Variables_and_Operators", "01_Fundamentals\Ex01_Variables_and_Operators\Ex01_Variables_and_Operators.csproj", "{AB6AF91D-95BE-4A28-AF57-C99001AE8333}"
EndProject
Project("{FAE04EC0-301F-11D3-BF4B-00C04F79EFBC}") = "Ex02_Boolean_Type_and_Operators", "01_Fundamentals\Ex02_Boolean_Type_and_Operators\Ex02_Boolean_Type_and_Operators.csproj", "{E78C7293-A253-4654-9301-FA228CCBABDA}"
EndProject
Project("{FAE04EC0-301F-11D3-BF4B-00C04F79EFBC}") = "Ex03_if_else_conditional_statement", "01_Fundamentals\Ex03_if_else_conditional_statement\Ex03_if_else_conditional_statement.csproj", "{BD04583C-9B1D-44B6-8986-AB1B05DB7AA5}"
EndProject
Project("{FAE04EC0-301F-11D3-BF4B-00C04F79EFBC}") = "Ex04_Methods_AbsoluteOfSum_method", "01_Fundamentals\Ex04_Methods_AbsoluteOfSum_method\Ex04_Methods_AbsoluteOfSum_method.csproj", "{BD1F62DB-30D0-481F-BF1D-89B2E393935A}"
EndProject
Project("{FAE04EC0-301F-11D3-BF4B-00C04F79EFBC}") = "Ex05_String_interpolation_FormatDate", "01_Fundamentals\Ex05_String_interpolation_FormatDate\Ex05_String_interpolation_FormatDate.csproj", "{8CD10B5A-DFF0-4ECE-AC05-DE04F6647100}"
EndProject
Project("{FAE04EC0-301F-11D3-BF4B-00C04F79EFBC}") = "Ex06_Switch_statement_DescribeDay", "01_Fundamentals\Ex06_Switch_statement_DescribeDay\Ex06_Switch_statement_DescribeDay.csproj", "{A73FD31D-1406-4D6D-8A38-C53F6C5078AE}"
EndProject
Project("{FAE04EC0-301F-11D3-BF4B-00C04F79EFBC}") = "Ex07_While_loop_CalculateSumOfNumbersBetween", "01_Fundamentals\Ex07_While_loop_CalculateSumOfNumbersBetween\Ex07_While_loop_CalculateSumOfNumbersBetween.csproj", "{0BE6308D-4037-436F-927B-EF85EFAF1B7D}"
EndProject
Project("{FAE04EC0-301F-11D3-BF4B-00C04F79EFBC}") = "Ex08_Do-while_loop_RepeatCharacter", "01_Fundamentals\Ex08_Do-while_loop_RepeatCharacter\Ex08_Do-while_loop_RepeatCharacter.csproj", "{A37D6F1A-D388-4992-B721-0EF374FC6712}"
EndProject
Project("{FAE04EC0-301F-11D3-BF4B-00C04F79EFBC}") = "Ex09_For_loop_Factorial", "01_Fundamentals\Ex09_For_loop_Factorial\Ex09_For_loop_Factorial.csproj", "{16C1854B-4E27-4CA3-80EA-304E95622818}"
EndProject
Project("{FAE04EC0-301F-11D3-BF4B-00C04F79EFBC}") = "Ex10_Arrays_BuildHelloString", "01_Fundamentals\Ex10_Arrays_BuildHelloString\Ex10_Arrays_BuildHelloString.csproj", "{80C5190D-39EF-4698-8B4F-43BBC738843D}"
EndProject
Project("{FAE04EC0-301F-11D3-BF4B-00C04F79EFBC}") = "Ex11_Arrays_IsWordPresentInCollection", "01_Fundamentals\Ex11_Arrays_IsWordPresentInCollection\Ex11_Arrays_IsWordPresentInCollection.csproj", "{C0C11ED5-4591-4111-BF83-1BF750E785A9}"
EndProject
Project("{FAE04EC0-301F-11D3-BF4B-00C04F79EFBC}") = "Ex12_Multi-dimensional_arrays_FindMax", "01_Fundamentals\Ex12_Multi-dimensional_arrays_FindMax\Ex12_Multi-dimensional_arrays_FindMax.csproj", "{21A13800-2E76-4441-90C8-171D62CA01B5}"
EndProject
Project("{FAE04EC0-301F-11D3-BF4B-00C04F79EFBC}") = "Ex13_Foreach_loop_IsAnyWordLongerThan", "01_Fundamentals\Ex13_Foreach_loop_IsAnyWordLongerThan\Ex13_Foreach_loop_IsAnyWordLongerThan.csproj", "{F3A3AC89-EEEB-40E1-A6A5-D2C550EB77A1}"
EndProject
Project("{FAE04EC0-301F-11D3-BF4B-00C04F79EFBC}") = "Ex14_Lists_GetOnlyUpperCaseWords", "01_Fundamentals\Ex14_Lists_GetOnlyUpperCaseWords\Ex14_Lists_GetOnlyUpperCaseWords.csproj", "{950E5DC6-7651-4C2E-847A-CFB703DE0C15}"
EndProject
Project("{2150E333-8FDC-42A3-9474-1A3956D46DE8}") = "02_Basics_of_OOP", "02_Basics_of_OOP", "{807CD478-C6A0-F896-4DC7-A33A4D806D0D}"
EndProject
Project("{FAE04EC0-301F-11D3-BF4B-00C04F79EFBC}") = "Ex15_HotelBooking_class", "02_Basics_of_OOP\Ex15_HotelBooking_class\Ex15_HotelBooking_class.csproj", "{6B2E7815-B21D-4BB5-99AD-B4F258F25C1C}"
EndProject
Project("{FAE04EC0-301F-11D3-BF4B-00C04F79EFBC}") = "Ex16_Triangle_class", "02_Basics_of_OOP\Ex16_Triangle_class\Ex16_Triangle_class.csproj", "{82069A5A-DCE7-4A1C-93F8-A4E3606D0D2C}"
EndProject
Project("{FAE04EC0-301F-11D3-BF4B-00C04F79EFBC}") = "Ex17_Dog_class", "02_Basics_of_OOP\Ex17_Dog_class\Ex17_Dog_class.csproj", "{4E085B30-844F-439D-988B-05ED1A94F1E7}"
EndProject
Project("{FAE04EC0-301F-11D3-BF4B-00C04F79EFBC}") = "Ex18_Properties_of_the_Order_class", "02_Basics_of_OOP\Ex18_Properties_of_the_Order_class\Ex18_Properties_of_the_Order_class.csproj", "{D4F337EC-BA48-4BBE-B71A-C97C4D0D563C}"
EndProject
Project("{FAE04EC0-301F-11D3-BF4B-00C04F79EFBC}") = "Ex19_Computed_properties_DailyAccountState_class", "02_Basics_of_OOP\Ex19_Computed_properties_DailyAccountState_class\Ex19_Computed_properties_DailyAccountState_class.csproj", "{84E25178-7A68-4DE0-8616-19927AE2576D}"
EndProject
Project("{FAE04EC0-301F-11D3-BF4B-00C04F79EFBC}") = "Ex20_Static_classes_NumberToDayOfWeekTranslator", "02_Basics_of_OOP\Ex20_Static_classes_NumberToDayOfWeekTranslator\Ex20_Static_classes_NumberToDayOfWeekTranslator.csproj", "{3BFDCE6D-6862-4340-91B2-B01AC8E4A1F6}"
EndProject
Project("{FAE04EC0-301F-11D3-BF4B-00C04F79EFBC}") = "Ex21_string.Split_and_string.Join_methods", "02_Basics_of_OOP\Ex21_string.Split_and_string.Join_methods\Ex21_string.Split_and_string.Join_methods.csproj", "{419821A3-09EF-4C90-9296-C95A62BEA1AD}"
EndProject
Project("{2150E333-8FDC-42A3-9474-1A3956D46DE8}") = "03_OOP_Polymorphism_Inheritance_Interfaces", "03_OOP_Polymorphism_Inheritance_Interfaces", "{7721D85D-0301-F850-A861-8F9FCBFC5F31}"
EndProject
Project("{FAE04EC0-301F-11D3-BF4B-00C04F79EFBC}") = "Ex22_Inheritance_Overriding_Animals", "03_OOP_Polymorphism_Inheritance_Interfaces\Ex22_Inheritance_Overriding_Animals\Ex22_Inheritance_Overriding_Animals.csproj", "{AA0D36BB-976A-48AF-ADC1-D4B4E59227FF}"
EndProject
Project("{FAE04EC0-301F-11D3-BF4B-00C04F79EFBC}") = "Ex23_Virtual_methods_StringsProcessor_classes", "03_OOP_Polymorphism_Inheritance_Interfaces\Ex23_Virtual_methods_StringsProcessor_classes\Ex23_Virtual_methods_StringsProcessor_classes.csproj", "{491AAAFB-3C92-4E5A-8CD9-0A65D9B77825}"
EndProject
Project("{FAE04EC0-301F-11D3-BF4B-00C04F79EFBC}") = "Ex24_is_operator_and_null_object", "03_OOP_Polymorphism_Inheritance_Interfaces\Ex24_is_operator_and_null_object\Ex24_is_operator_and_null_object.csproj", "{DE091E52-CF24-4AA9-AE10-B04F97F7243C}"
EndProject
Project("{FAE04EC0-301F-11D3-BF4B-00C04F79EFBC}") = "Ex25_Abstract_methods_Shapes", "03_OOP_Polymorphism_Inheritance_Interfaces\Ex25_Abstract_methods_Shapes\Ex25_Abstract_methods_Shapes.csproj", "{3B574477-F77F-422C-B0D6-C097A46EA458}"
EndProject
Project("{FAE04EC0-301F-11D3-BF4B-00C04F79EFBC}") = "Assignment_TOTO_list", "01_Fundamentals\Assignment_TOTO_list\Assignment_TOTO_list.csproj", "{30F674B5-898B-4979-94C2-9A0A05A211F2}"
EndProject
Project("{FAE04EC0-301F-11D3-BF4B-00C04F79EFBC}") = "Assignment_Dice_Roll_Game", "02_Basics_of_OOP\Assignment_Dice_Roll_Game\Assignment_Dice_Roll_Game\Assignment_Dice_Roll_Game.csproj", "{5E746101-C4CB-44ED-A119-2392CBBC51E8}"
EndProject
Project("{FAE04EC0-301F-11D3-BF4B-00C04F79EFBC}") = "Assignment_Dice_Roll_Game.Tests", "02_Basics_of_OOP\Assignment_Dice_Roll_Game\Assignment_Dice_Roll_Game.Tests\Assignment_Dice_Roll_Game.Tests.csproj", "{62702FA8-159D-4580-9EF1-1FB1B9C3CB27}"
EndProject
Project("{FAE04EC0-301F-11D3-BF4B-00C04F79EFBC}") = "Ex26_Extension_methods_List_extensions", "03_OOP_Polymorphism_Inheritance_Interfaces\Ex26_Extension_methods_List_extensions\Ex26_Extension_methods_List_extensions.csproj", "{0BACAFC2-9856-4FE6-9A52-192F624387D0}"
EndProject
Project("{FAE04EC0-301F-11D3-BF4B-00C04F79EFBC}") = "Ex27_Interfaces_Applying_multiple_transformations_to_a_number", "03_OOP_Polymorphism_Inheritance_Interfaces\Ex27_Interfaces_Applying_multiple_transformations_to_a_number\Ex27_Interfaces_Applying_multiple_transformations_to_a_number.csproj", "{51C56A5A-3D9A-4C9A-8DF5-6133F31CDAC3}"
EndProject
Project("{2150E333-8FDC-42A3-9474-1A3956D46DE8}") = "04_Exceptions_and_error_handling", "04_Exceptions_and_error_handling", "{02BDD47D-9F4B-3038-EE67-049017B04177}"
EndProject
Project("{FAE04EC0-301F-11D3-BF4B-00C04F79EFBC}") = "Try-catch-finally_DivideNumbers", "04_Exceptions_and_error_handling\Try-catch-finally_DivideNumbers\Try-catch-finally_DivideNumbers.csproj", "{6CB14C58-3E5E-4583-8E85-DFBFB827071E}"
EndProject
Project("{FAE04EC0-301F-11D3-BF4B-00C04F79EFBC}") = "Rethrowing_exceptions", "04_Exceptions_and_error_handling\Rethrowing_exceptions\Rethrowing_exceptions.csproj", "{B780BE44-8A0F-455F-A5CA-ADE3786E62C0}"
EndProject
Project("{FAE04EC0-301F-11D3-BF4B-00C04F79EFBC}") = "Custom_exception_InvalidTransactionException", "04_Exceptions_and_error_handling\Custom_exception_InvalidTransactionException\Custom_exception_InvalidTransactionException.csproj", "{6082C963-7E08-4AA4-9C07-16CCC8A2B6A8}"
EndProject
Project("{2150E333-8FDC-42A3-9474-1A3956D46DE8}") = "06_LINQ", "06_LINQ", "{3E066BCD-3056-50B2-3B7E-17DED86C0C67}"
EndProject
Project("{FAE04EC0-301F-11D3-BF4B-00C04F79EFBC}") = "Where_Distinct", "06_LINQ\Where_Distinct\Where_Distinct.csproj", "{2B8BE97C-631E-4117-B6EF-4C7E1D856ABB}"
EndProject
Project("{FAE04EC0-301F-11D3-BF4B-00C04F79EFBC}") = "Select_Average", "06_LINQ\Select_Average\Select_Average.csproj", "{CD63C8BA-B3BF-4984-BCB3-B86187BE021E}"
EndProject
Project("{FAE04EC0-301F-11D3-BF4B-00C04F79EFBC}") = "OrderBy_First_Last", "06_LINQ\OrderBy_First_Last\OrderBy_First_Last.csproj", "{424ACAA7-1E9F-4320-9E36-0736137B201A}"
EndProject
Project("{FAE04EC0-301F-11D3-BF4B-00C04F79EFBC}") = "Count_Contains", "06_LINQ\Count_Contains\Count_Contains.csproj", "{8CA8A2CB-9C3F-456D-A1BD-ABC163DCDD73}"
EndProject
Project("{FAE04EC0-301F-11D3-BF4B-00C04F79EFBC}") = "Any_All", "06_LINQ\Any_All\Any_All.csproj", "{EB08C4DF-DD08-4D13-A955-33EEC03BF063}"
EndProject
Project("{FAE04EC0-301F-11D3-BF4B-00C04F79EFBC}") = "CookieCookbook", "06_LINQ\CookieCookbook\CookieCookbook.csproj", "{B56117F5-89F5-48D1-A134-22C4E74CA814}"
EndProject
Project("{2150E333-8FDC-42A3-9474-1A3956D46DE8}") = "07_.Net_under_the_hood", "07_.Net_under_the_hood", "{A575D415-5A87-0E32-A04A-323B1D4758F9}"
EndProject
Project("{FAE04EC0-301F-11D3-BF4B-00C04F79EFBC}") = "ref_modifier", "07_.Net_under_the_hood\ref_modifier\ref_modifier.csproj", "{1801540C-E2B5-4C4E-9674-2DEEEBF28C1C}"
EndProject
Project("{2150E333-8FDC-42A3-9474-1A3956D46DE8}") = "13_Events", "13_Events", "{1B036D45-8502-8C3F-89BC-E7754FA4FBF2}"
EndProject
Project("{FAE04EC0-301F-11D3-BF4B-00C04F79EFBC}") = "Events_User_and_BankAccount", "13_Events\Events_User_and_BankAccount\Events_User_and_BankAccount.csproj", "{9B5ECDFD-0621-44BD-B57A-B4D8BA0750D6}"
EndProject
Project("{FAE04EC0-301F-11D3-BF4B-00C04F79EFBC}") = "Events_WeatherDataAggregator", "13_Events\Events_WeatherDataAggregator\Events_WeatherDataAggregator.csproj", "{BF0CF947-FB93-4653-A96D-45DB6DDD0C65}"
EndProject
Project("{2150E333-8FDC-42A3-9474-1A3956D46DE8}") = "14_Unit_tests", "14_Unit_tests", "{635DAB04-FA86-4D08-2659-3A39ACEBB938}"
EndProject
Project("{FAE04EC0-301F-11D3-BF4B-00C04F79EFBC}") = "Session14", "14_Unit_tests\Session14\Session14.csproj", "{6CC31262-65AA-4F38-9106-47E1FE2B2BD3}"
EndProject
Project("{FAE04EC0-301F-11D3-BF4B-00C04F79EFBC}") = "Session14.Tests", "14_Unit_tests\Session14.Tests\Session14.Tests.csproj", "{75229F09-7BD1-4FF4-A6C8-D8B99A587B57}"
EndProject
Project("{2150E333-8FDC-42A3-9474-1A3956D46DE8}") = "15_Clean_Code", "15_Clean_Code", "{96988830-A31F-C1FE-2074-B8341479E16D}"
EndProject
Project("{FAE04EC0-301F-11D3-BF4B-00C04F79EFBC}") = "Ex60_Naming_refactoring", "15_Clean_Code\Ex60_Naming_refactoring\Ex60_Naming_refactoring.csproj", "{A81E7CE4-C750-4AF3-B868-F0E62D64A141}"
EndProject
Project("{FAE04EC0-301F-11D3-BF4B-00C04F79EFBC}") = "Ex61_Method_refactoring", "15_Clean_Code\Ex61_Method_refactoring\Ex61_Method_refactoring.csproj", "{01BDB05D-97F4-4BD6-861D-2A9679EAB5F4}"
EndProject
Project("{FAE04EC0-301F-11D3-BF4B-00C04F79EFBC}") = "Ex62_Method_refactoring", "15_Clean_Code\Ex62_Method_refactoring\Ex62_Method_refactoring.csproj", "{ECDB432D-31CA-4728-AF74-6146975022A6}"
EndProject
Project("{FAE04EC0-301F-11D3-BF4B-00C04F79EFBC}") = "Assignment_Password_Generator_Refactoring", "15_Clean_Code\Assignment_Password_Generator_Refactoring\Assignment_Password_Generator_Refactoring\Assignment_Password_Generator_Refactoring.csproj", "{8B8B5933-1DCE-4F85-96DC-81EEAA6112B2}"
EndProject
Project("{FAE04EC0-301F-11D3-BF4B-00C04F79EFBC}") = "Assignment_Password_Generator_Refactoring.Tests", "15_Clean_Code\Assignment_Password_Generator_Refactoring\Assignment_Password_Generator_Refactoring.Tests\Assignment_Password_Generator_Refactoring.Tests.csproj", "{1C7CE6E8-60D3-4114-945E-4B1E7FCE015F}"
EndProject
Project("{2150E333-8FDC-42A3-9474-1A3956D46DE8}") = "16_Asynchrony_and_Multithreading", "16_Asynchrony_and_Multithreading", "{695B1E6F-BA80-4334-0399-1BC5EC792CC6}"
EndProject
Project("{FAE04EC0-301F-11D3-BF4B-00C04F79EFBC}") = "Ex63_Creating_and_starting_new_threads", "16_Asynchrony_and_Multithreading\Ex63_Creating_and_starting_new_threads\Ex63_Creating_and_starting_new_threads.csproj", "{478744DC-B401-48EE-ABA7-E8232F413E90}"
EndProject
Project("{FAE04EC0-301F-11D3-BF4B-00C04F79EFBC}") = "Ex64_Tasks_and_waiting", "16_Asynchrony_and_Multithreading\Ex64_Tasks_and_waiting\Ex64_Tasks_and_waiting.csproj", "{C07C0108-6B54-4F6F-9677-AAF3B6051C58}"
EndProject
Project("{FAE04EC0-301F-11D3-BF4B-00C04F79EFBC}") = "Ex65_Continuations", "16_Asynchrony_and_Multithreading\Ex65_Continuations\Ex65_Continuations.csproj", "{94FD6D9E-B06F-494F-B0B5-94B89BFCEBFB}"
EndProject
Global
	GlobalSection(SolutionConfigurationPlatforms) = preSolution
		Debug|Any CPU = Debug|Any CPU
		Debug|x64 = Debug|x64
		Debug|x86 = Debug|x86
		Release|Any CPU = Release|Any CPU
		Release|x64 = Release|x64
		Release|x86 = Release|x86
	EndGlobalSection
	GlobalSection(ProjectConfigurationPlatforms) = postSolution
		{AB6AF91D-95BE-4A28-AF57-C99001AE8333}.Debug|Any CPU.ActiveCfg = Debug|Any CPU
		{AB6AF91D-95BE-4A28-AF57-C99001AE8333}.Debug|Any CPU.Build.0 = Debug|Any CPU
		{AB6AF91D-95BE-4A28-AF57-C99001AE8333}.Debug|x64.ActiveCfg = Debug|Any CPU
		{AB6AF91D-95BE-4A28-AF57-C99001AE8333}.Debug|x64.Build.0 = Debug|Any CPU
		{AB6AF91D-95BE-4A28-AF57-C99001AE8333}.Debug|x86.ActiveCfg = Debug|Any CPU
		{AB6AF91D-95BE-4A28-AF57-C99001AE8333}.Debug|x86.Build.0 = Debug|Any CPU
		{AB6AF91D-95BE-4A28-AF57-C99001AE8333}.Release|Any CPU.ActiveCfg = Release|Any CPU
		{AB6AF91D-95BE-4A28-AF57-C99001AE8333}.Release|Any CPU.Build.0 = Release|Any CPU
		{AB6AF91D-95BE-4A28-AF57-C99001AE8333}.Release|x64.ActiveCfg = Release|Any CPU
		{AB6AF91D-95BE-4A28-AF57-C99001AE8333}.Release|x64.Build.0 = Release|Any CPU
		{AB6AF91D-95BE-4A28-AF57-C99001AE8333}.Release|x86.ActiveCfg = Release|Any CPU
		{AB6AF91D-95BE-4A28-AF57-C99001AE8333}.Release|x86.Build.0 = Release|Any CPU
		{E78C7293-A253-4654-9301-FA228CCBABDA}.Debug|Any CPU.ActiveCfg = Debug|Any CPU
		{E78C7293-A253-4654-9301-FA228CCBABDA}.Debug|Any CPU.Build.0 = Debug|Any CPU
		{E78C7293-A253-4654-9301-FA228CCBABDA}.Debug|x64.ActiveCfg = Debug|Any CPU
		{E78C7293-A253-4654-9301-FA228CCBABDA}.Debug|x64.Build.0 = Debug|Any CPU
		{E78C7293-A253-4654-9301-FA228CCBABDA}.Debug|x86.ActiveCfg = Debug|Any CPU
		{E78C7293-A253-4654-9301-FA228CCBABDA}.Debug|x86.Build.0 = Debug|Any CPU
		{E78C7293-A253-4654-9301-FA228CCBABDA}.Release|Any CPU.ActiveCfg = Release|Any CPU
		{E78C7293-A253-4654-9301-FA228CCBABDA}.Release|Any CPU.Build.0 = Release|Any CPU
		{E78C7293-A253-4654-9301-FA228CCBABDA}.Release|x64.ActiveCfg = Release|Any CPU
		{E78C7293-A253-4654-9301-FA228CCBABDA}.Release|x64.Build.0 = Release|Any CPU
		{E78C7293-A253-4654-9301-FA228CCBABDA}.Release|x86.ActiveCfg = Release|Any CPU
		{E78C7293-A253-4654-9301-FA228CCBABDA}.Release|x86.Build.0 = Release|Any CPU
		{BD04583C-9B1D-44B6-8986-AB1B05DB7AA5}.Debug|Any CPU.ActiveCfg = Debug|Any CPU
		{BD04583C-9B1D-44B6-8986-AB1B05DB7AA5}.Debug|Any CPU.Build.0 = Debug|Any CPU
		{BD04583C-9B1D-44B6-8986-AB1B05DB7AA5}.Debug|x64.ActiveCfg = Debug|Any CPU
		{BD04583C-9B1D-44B6-8986-AB1B05DB7AA5}.Debug|x64.Build.0 = Debug|Any CPU
		{BD04583C-9B1D-44B6-8986-AB1B05DB7AA5}.Debug|x86.ActiveCfg = Debug|Any CPU
		{BD04583C-9B1D-44B6-8986-AB1B05DB7AA5}.Debug|x86.Build.0 = Debug|Any CPU
		{BD04583C-9B1D-44B6-8986-AB1B05DB7AA5}.Release|Any CPU.ActiveCfg = Release|Any CPU
		{BD04583C-9B1D-44B6-8986-AB1B05DB7AA5}.Release|Any CPU.Build.0 = Release|Any CPU
		{BD04583C-9B1D-44B6-8986-AB1B05DB7AA5}.Release|x64.ActiveCfg = Release|Any CPU
		{BD04583C-9B1D-44B6-8986-AB1B05DB7AA5}.Release|x64.Build.0 = Release|Any CPU
		{BD04583C-9B1D-44B6-8986-AB1B05DB7AA5}.Release|x86.ActiveCfg = Release|Any CPU
		{BD04583C-9B1D-44B6-8986-AB1B05DB7AA5}.Release|x86.Build.0 = Release|Any CPU
		{BD1F62DB-30D0-481F-BF1D-89B2E393935A}.Debug|Any CPU.ActiveCfg = Debug|Any CPU
		{BD1F62DB-30D0-481F-BF1D-89B2E393935A}.Debug|Any CPU.Build.0 = Debug|Any CPU
		{BD1F62DB-30D0-481F-BF1D-89B2E393935A}.Debug|x64.ActiveCfg = Debug|Any CPU
		{BD1F62DB-30D0-481F-BF1D-89B2E393935A}.Debug|x64.Build.0 = Debug|Any CPU
		{BD1F62DB-30D0-481F-BF1D-89B2E393935A}.Debug|x86.ActiveCfg = Debug|Any CPU
		{BD1F62DB-30D0-481F-BF1D-89B2E393935A}.Debug|x86.Build.0 = Debug|Any CPU
		{BD1F62DB-30D0-481F-BF1D-89B2E393935A}.Release|Any CPU.ActiveCfg = Release|Any CPU
		{BD1F62DB-30D0-481F-BF1D-89B2E393935A}.Release|Any CPU.Build.0 = Release|Any CPU
		{BD1F62DB-30D0-481F-BF1D-89B2E393935A}.Release|x64.ActiveCfg = Release|Any CPU
		{BD1F62DB-30D0-481F-BF1D-89B2E393935A}.Release|x64.Build.0 = Release|Any CPU
		{BD1F62DB-30D0-481F-BF1D-89B2E393935A}.Release|x86.ActiveCfg = Release|Any CPU
		{BD1F62DB-30D0-481F-BF1D-89B2E393935A}.Release|x86.Build.0 = Release|Any CPU
		{8CD10B5A-DFF0-4ECE-AC05-DE04F6647100}.Debug|Any CPU.ActiveCfg = Debug|Any CPU
		{8CD10B5A-DFF0-4ECE-AC05-DE04F6647100}.Debug|Any CPU.Build.0 = Debug|Any CPU
		{8CD10B5A-DFF0-4ECE-AC05-DE04F6647100}.Debug|x64.ActiveCfg = Debug|Any CPU
		{8CD10B5A-DFF0-4ECE-AC05-DE04F6647100}.Debug|x64.Build.0 = Debug|Any CPU
		{8CD10B5A-DFF0-4ECE-AC05-DE04F6647100}.Debug|x86.ActiveCfg = Debug|Any CPU
		{8CD10B5A-DFF0-4ECE-AC05-DE04F6647100}.Debug|x86.Build.0 = Debug|Any CPU
		{8CD10B5A-DFF0-4ECE-AC05-DE04F6647100}.Release|Any CPU.ActiveCfg = Release|Any CPU
		{8CD10B5A-DFF0-4ECE-AC05-DE04F6647100}.Release|Any CPU.Build.0 = Release|Any CPU
		{8CD10B5A-DFF0-4ECE-AC05-DE04F6647100}.Release|x64.ActiveCfg = Release|Any CPU
		{8CD10B5A-DFF0-4ECE-AC05-DE04F6647100}.Release|x64.Build.0 = Release|Any CPU
		{8CD10B5A-DFF0-4ECE-AC05-DE04F6647100}.Release|x86.ActiveCfg = Release|Any CPU
		{8CD10B5A-DFF0-4ECE-AC05-DE04F6647100}.Release|x86.Build.0 = Release|Any CPU
		{A73FD31D-1406-4D6D-8A38-C53F6C5078AE}.Debug|Any CPU.ActiveCfg = Debug|Any CPU
		{A73FD31D-1406-4D6D-8A38-C53F6C5078AE}.Debug|Any CPU.Build.0 = Debug|Any CPU
		{A73FD31D-1406-4D6D-8A38-C53F6C5078AE}.Debug|x64.ActiveCfg = Debug|Any CPU
		{A73FD31D-1406-4D6D-8A38-C53F6C5078AE}.Debug|x64.Build.0 = Debug|Any CPU
		{A73FD31D-1406-4D6D-8A38-C53F6C5078AE}.Debug|x86.ActiveCfg = Debug|Any CPU
		{A73FD31D-1406-4D6D-8A38-C53F6C5078AE}.Debug|x86.Build.0 = Debug|Any CPU
		{A73FD31D-1406-4D6D-8A38-C53F6C5078AE}.Release|Any CPU.ActiveCfg = Release|Any CPU
		{A73FD31D-1406-4D6D-8A38-C53F6C5078AE}.Release|Any CPU.Build.0 = Release|Any CPU
		{A73FD31D-1406-4D6D-8A38-C53F6C5078AE}.Release|x64.ActiveCfg = Release|Any CPU
		{A73FD31D-1406-4D6D-8A38-C53F6C5078AE}.Release|x64.Build.0 = Release|Any CPU
		{A73FD31D-1406-4D6D-8A38-C53F6C5078AE}.Release|x86.ActiveCfg = Release|Any CPU
		{A73FD31D-1406-4D6D-8A38-C53F6C5078AE}.Release|x86.Build.0 = Release|Any CPU
		{0BE6308D-4037-436F-927B-EF85EFAF1B7D}.Debug|Any CPU.ActiveCfg = Debug|Any CPU
		{0BE6308D-4037-436F-927B-EF85EFAF1B7D}.Debug|Any CPU.Build.0 = Debug|Any CPU
		{0BE6308D-4037-436F-927B-EF85EFAF1B7D}.Debug|x64.ActiveCfg = Debug|Any CPU
		{0BE6308D-4037-436F-927B-EF85EFAF1B7D}.Debug|x64.Build.0 = Debug|Any CPU
		{0BE6308D-4037-436F-927B-EF85EFAF1B7D}.Debug|x86.ActiveCfg = Debug|Any CPU
		{0BE6308D-4037-436F-927B-EF85EFAF1B7D}.Debug|x86.Build.0 = Debug|Any CPU
		{0BE6308D-4037-436F-927B-EF85EFAF1B7D}.Release|Any CPU.ActiveCfg = Release|Any CPU
		{0BE6308D-4037-436F-927B-EF85EFAF1B7D}.Release|Any CPU.Build.0 = Release|Any CPU
		{0BE6308D-4037-436F-927B-EF85EFAF1B7D}.Release|x64.ActiveCfg = Release|Any CPU
		{0BE6308D-4037-436F-927B-EF85EFAF1B7D}.Release|x64.Build.0 = Release|Any CPU
		{0BE6308D-4037-436F-927B-EF85EFAF1B7D}.Release|x86.ActiveCfg = Release|Any CPU
		{0BE6308D-4037-436F-927B-EF85EFAF1B7D}.Release|x86.Build.0 = Release|Any CPU
		{A37D6F1A-D388-4992-B721-0EF374FC6712}.Debug|Any CPU.ActiveCfg = Debug|Any CPU
		{A37D6F1A-D388-4992-B721-0EF374FC6712}.Debug|Any CPU.Build.0 = Debug|Any CPU
		{A37D6F1A-D388-4992-B721-0EF374FC6712}.Debug|x64.ActiveCfg = Debug|Any CPU
		{A37D6F1A-D388-4992-B721-0EF374FC6712}.Debug|x64.Build.0 = Debug|Any CPU
		{A37D6F1A-D388-4992-B721-0EF374FC6712}.Debug|x86.ActiveCfg = Debug|Any CPU
		{A37D6F1A-D388-4992-B721-0EF374FC6712}.Debug|x86.Build.0 = Debug|Any CPU
		{A37D6F1A-D388-4992-B721-0EF374FC6712}.Release|Any CPU.ActiveCfg = Release|Any CPU
		{A37D6F1A-D388-4992-B721-0EF374FC6712}.Release|Any CPU.Build.0 = Release|Any CPU
		{A37D6F1A-D388-4992-B721-0EF374FC6712}.Release|x64.ActiveCfg = Release|Any CPU
		{A37D6F1A-D388-4992-B721-0EF374FC6712}.Release|x64.Build.0 = Release|Any CPU
		{A37D6F1A-D388-4992-B721-0EF374FC6712}.Release|x86.ActiveCfg = Release|Any CPU
		{A37D6F1A-D388-4992-B721-0EF374FC6712}.Release|x86.Build.0 = Release|Any CPU
		{16C1854B-4E27-4CA3-80EA-304E95622818}.Debug|Any CPU.ActiveCfg = Debug|Any CPU
		{16C1854B-4E27-4CA3-80EA-304E95622818}.Debug|Any CPU.Build.0 = Debug|Any CPU
		{16C1854B-4E27-4CA3-80EA-304E95622818}.Debug|x64.ActiveCfg = Debug|Any CPU
		{16C1854B-4E27-4CA3-80EA-304E95622818}.Debug|x64.Build.0 = Debug|Any CPU
		{16C1854B-4E27-4CA3-80EA-304E95622818}.Debug|x86.ActiveCfg = Debug|Any CPU
		{16C1854B-4E27-4CA3-80EA-304E95622818}.Debug|x86.Build.0 = Debug|Any CPU
		{16C1854B-4E27-4CA3-80EA-304E95622818}.Release|Any CPU.ActiveCfg = Release|Any CPU
		{16C1854B-4E27-4CA3-80EA-304E95622818}.Release|Any CPU.Build.0 = Release|Any CPU
		{16C1854B-4E27-4CA3-80EA-304E95622818}.Release|x64.ActiveCfg = Release|Any CPU
		{16C1854B-4E27-4CA3-80EA-304E95622818}.Release|x64.Build.0 = Release|Any CPU
		{16C1854B-4E27-4CA3-80EA-304E95622818}.Release|x86.ActiveCfg = Release|Any CPU
		{16C1854B-4E27-4CA3-80EA-304E95622818}.Release|x86.Build.0 = Release|Any CPU
		{80C5190D-39EF-4698-8B4F-43BBC738843D}.Debug|Any CPU.ActiveCfg = Debug|Any CPU
		{80C5190D-39EF-4698-8B4F-43BBC738843D}.Debug|Any CPU.Build.0 = Debug|Any CPU
		{80C5190D-39EF-4698-8B4F-43BBC738843D}.Debug|x64.ActiveCfg = Debug|Any CPU
		{80C5190D-39EF-4698-8B4F-43BBC738843D}.Debug|x64.Build.0 = Debug|Any CPU
		{80C5190D-39EF-4698-8B4F-43BBC738843D}.Debug|x86.ActiveCfg = Debug|Any CPU
		{80C5190D-39EF-4698-8B4F-43BBC738843D}.Debug|x86.Build.0 = Debug|Any CPU
		{80C5190D-39EF-4698-8B4F-43BBC738843D}.Release|Any CPU.ActiveCfg = Release|Any CPU
		{80C5190D-39EF-4698-8B4F-43BBC738843D}.Release|Any CPU.Build.0 = Release|Any CPU
		{80C5190D-39EF-4698-8B4F-43BBC738843D}.Release|x64.ActiveCfg = Release|Any CPU
		{80C5190D-39EF-4698-8B4F-43BBC738843D}.Release|x64.Build.0 = Release|Any CPU
		{80C5190D-39EF-4698-8B4F-43BBC738843D}.Release|x86.ActiveCfg = Release|Any CPU
		{80C5190D-39EF-4698-8B4F-43BBC738843D}.Release|x86.Build.0 = Release|Any CPU
		{C0C11ED5-4591-4111-BF83-1BF750E785A9}.Debug|Any CPU.ActiveCfg = Debug|Any CPU
		{C0C11ED5-4591-4111-BF83-1BF750E785A9}.Debug|Any CPU.Build.0 = Debug|Any CPU
		{C0C11ED5-4591-4111-BF83-1BF750E785A9}.Debug|x64.ActiveCfg = Debug|Any CPU
		{C0C11ED5-4591-4111-BF83-1BF750E785A9}.Debug|x64.Build.0 = Debug|Any CPU
		{C0C11ED5-4591-4111-BF83-1BF750E785A9}.Debug|x86.ActiveCfg = Debug|Any CPU
		{C0C11ED5-4591-4111-BF83-1BF750E785A9}.Debug|x86.Build.0 = Debug|Any CPU
		{C0C11ED5-4591-4111-BF83-1BF750E785A9}.Release|Any CPU.ActiveCfg = Release|Any CPU
		{C0C11ED5-4591-4111-BF83-1BF750E785A9}.Release|Any CPU.Build.0 = Release|Any CPU
		{C0C11ED5-4591-4111-BF83-1BF750E785A9}.Release|x64.ActiveCfg = Release|Any CPU
		{C0C11ED5-4591-4111-BF83-1BF750E785A9}.Release|x64.Build.0 = Release|Any CPU
		{C0C11ED5-4591-4111-BF83-1BF750E785A9}.Release|x86.ActiveCfg = Release|Any CPU
		{C0C11ED5-4591-4111-BF83-1BF750E785A9}.Release|x86.Build.0 = Release|Any CPU
		{21A13800-2E76-4441-90C8-171D62CA01B5}.Debug|Any CPU.ActiveCfg = Debug|Any CPU
		{21A13800-2E76-4441-90C8-171D62CA01B5}.Debug|Any CPU.Build.0 = Debug|Any CPU
		{21A13800-2E76-4441-90C8-171D62CA01B5}.Debug|x64.ActiveCfg = Debug|Any CPU
		{21A13800-2E76-4441-90C8-171D62CA01B5}.Debug|x64.Build.0 = Debug|Any CPU
		{21A13800-2E76-4441-90C8-171D62CA01B5}.Debug|x86.ActiveCfg = Debug|Any CPU
		{21A13800-2E76-4441-90C8-171D62CA01B5}.Debug|x86.Build.0 = Debug|Any CPU
		{21A13800-2E76-4441-90C8-171D62CA01B5}.Release|Any CPU.ActiveCfg = Release|Any CPU
		{21A13800-2E76-4441-90C8-171D62CA01B5}.Release|Any CPU.Build.0 = Release|Any CPU
		{21A13800-2E76-4441-90C8-171D62CA01B5}.Release|x64.ActiveCfg = Release|Any CPU
		{21A13800-2E76-4441-90C8-171D62CA01B5}.Release|x64.Build.0 = Release|Any CPU
		{21A13800-2E76-4441-90C8-171D62CA01B5}.Release|x86.ActiveCfg = Release|Any CPU
		{21A13800-2E76-4441-90C8-171D62CA01B5}.Release|x86.Build.0 = Release|Any CPU
		{F3A3AC89-EEEB-40E1-A6A5-D2C550EB77A1}.Debug|Any CPU.ActiveCfg = Debug|Any CPU
		{F3A3AC89-EEEB-40E1-A6A5-D2C550EB77A1}.Debug|Any CPU.Build.0 = Debug|Any CPU
		{F3A3AC89-EEEB-40E1-A6A5-D2C550EB77A1}.Debug|x64.ActiveCfg = Debug|Any CPU
		{F3A3AC89-EEEB-40E1-A6A5-D2C550EB77A1}.Debug|x64.Build.0 = Debug|Any CPU
		{F3A3AC89-EEEB-40E1-A6A5-D2C550EB77A1}.Debug|x86.ActiveCfg = Debug|Any CPU
		{F3A3AC89-EEEB-40E1-A6A5-D2C550EB77A1}.Debug|x86.Build.0 = Debug|Any CPU
		{F3A3AC89-EEEB-40E1-A6A5-D2C550EB77A1}.Release|Any CPU.ActiveCfg = Release|Any CPU
		{F3A3AC89-EEEB-40E1-A6A5-D2C550EB77A1}.Release|Any CPU.Build.0 = Release|Any CPU
		{F3A3AC89-EEEB-40E1-A6A5-D2C550EB77A1}.Release|x64.ActiveCfg = Release|Any CPU
		{F3A3AC89-EEEB-40E1-A6A5-D2C550EB77A1}.Release|x64.Build.0 = Release|Any CPU
		{F3A3AC89-EEEB-40E1-A6A5-D2C550EB77A1}.Release|x86.ActiveCfg = Release|Any CPU
		{F3A3AC89-EEEB-40E1-A6A5-D2C550EB77A1}.Release|x86.Build.0 = Release|Any CPU
		{950E5DC6-7651-4C2E-847A-CFB703DE0C15}.Debug|Any CPU.ActiveCfg = Debug|Any CPU
		{950E5DC6-7651-4C2E-847A-CFB703DE0C15}.Debug|Any CPU.Build.0 = Debug|Any CPU
		{950E5DC6-7651-4C2E-847A-CFB703DE0C15}.Debug|x64.ActiveCfg = Debug|Any CPU
		{950E5DC6-7651-4C2E-847A-CFB703DE0C15}.Debug|x64.Build.0 = Debug|Any CPU
		{950E5DC6-7651-4C2E-847A-CFB703DE0C15}.Debug|x86.ActiveCfg = Debug|Any CPU
		{950E5DC6-7651-4C2E-847A-CFB703DE0C15}.Debug|x86.Build.0 = Debug|Any CPU
		{950E5DC6-7651-4C2E-847A-CFB703DE0C15}.Release|Any CPU.ActiveCfg = Release|Any CPU
		{950E5DC6-7651-4C2E-847A-CFB703DE0C15}.Release|Any CPU.Build.0 = Release|Any CPU
		{950E5DC6-7651-4C2E-847A-CFB703DE0C15}.Release|x64.ActiveCfg = Release|Any CPU
		{950E5DC6-7651-4C2E-847A-CFB703DE0C15}.Release|x64.Build.0 = Release|Any CPU
		{950E5DC6-7651-4C2E-847A-CFB703DE0C15}.Release|x86.ActiveCfg = Release|Any CPU
		{950E5DC6-7651-4C2E-847A-CFB703DE0C15}.Release|x86.Build.0 = Release|Any CPU
		{6B2E7815-B21D-4BB5-99AD-B4F258F25C1C}.Debug|Any CPU.ActiveCfg = Debug|Any CPU
		{6B2E7815-B21D-4BB5-99AD-B4F258F25C1C}.Debug|Any CPU.Build.0 = Debug|Any CPU
		{6B2E7815-B21D-4BB5-99AD-B4F258F25C1C}.Debug|x64.ActiveCfg = Debug|Any CPU
		{6B2E7815-B21D-4BB5-99AD-B4F258F25C1C}.Debug|x64.Build.0 = Debug|Any CPU
		{6B2E7815-B21D-4BB5-99AD-B4F258F25C1C}.Debug|x86.ActiveCfg = Debug|Any CPU
		{6B2E7815-B21D-4BB5-99AD-B4F258F25C1C}.Debug|x86.Build.0 = Debug|Any CPU
		{6B2E7815-B21D-4BB5-99AD-B4F258F25C1C}.Release|Any CPU.ActiveCfg = Release|Any CPU
		{6B2E7815-B21D-4BB5-99AD-B4F258F25C1C}.Release|Any CPU.Build.0 = Release|Any CPU
		{6B2E7815-B21D-4BB5-99AD-B4F258F25C1C}.Release|x64.ActiveCfg = Release|Any CPU
		{6B2E7815-B21D-4BB5-99AD-B4F258F25C1C}.Release|x64.Build.0 = Release|Any CPU
		{6B2E7815-B21D-4BB5-99AD-B4F258F25C1C}.Release|x86.ActiveCfg = Release|Any CPU
		{6B2E7815-B21D-4BB5-99AD-B4F258F25C1C}.Release|x86.Build.0 = Release|Any CPU
		{82069A5A-DCE7-4A1C-93F8-A4E3606D0D2C}.Debug|Any CPU.ActiveCfg = Debug|Any CPU
		{82069A5A-DCE7-4A1C-93F8-A4E3606D0D2C}.Debug|Any CPU.Build.0 = Debug|Any CPU
		{82069A5A-DCE7-4A1C-93F8-A4E3606D0D2C}.Debug|x64.ActiveCfg = Debug|Any CPU
		{82069A5A-DCE7-4A1C-93F8-A4E3606D0D2C}.Debug|x64.Build.0 = Debug|Any CPU
		{82069A5A-DCE7-4A1C-93F8-A4E3606D0D2C}.Debug|x86.ActiveCfg = Debug|Any CPU
		{82069A5A-DCE7-4A1C-93F8-A4E3606D0D2C}.Debug|x86.Build.0 = Debug|Any CPU
		{82069A5A-DCE7-4A1C-93F8-A4E3606D0D2C}.Release|Any CPU.ActiveCfg = Release|Any CPU
		{82069A5A-DCE7-4A1C-93F8-A4E3606D0D2C}.Release|Any CPU.Build.0 = Release|Any CPU
		{82069A5A-DCE7-4A1C-93F8-A4E3606D0D2C}.Release|x64.ActiveCfg = Release|Any CPU
		{82069A5A-DCE7-4A1C-93F8-A4E3606D0D2C}.Release|x64.Build.0 = Release|Any CPU
		{82069A5A-DCE7-4A1C-93F8-A4E3606D0D2C}.Release|x86.ActiveCfg = Release|Any CPU
		{82069A5A-DCE7-4A1C-93F8-A4E3606D0D2C}.Release|x86.Build.0 = Release|Any CPU
		{4E085B30-844F-439D-988B-05ED1A94F1E7}.Debug|Any CPU.ActiveCfg = Debug|Any CPU
		{4E085B30-844F-439D-988B-05ED1A94F1E7}.Debug|Any CPU.Build.0 = Debug|Any CPU
		{4E085B30-844F-439D-988B-05ED1A94F1E7}.Debug|x64.ActiveCfg = Debug|Any CPU
		{4E085B30-844F-439D-988B-05ED1A94F1E7}.Debug|x64.Build.0 = Debug|Any CPU
		{4E085B30-844F-439D-988B-05ED1A94F1E7}.Debug|x86.ActiveCfg = Debug|Any CPU
		{4E085B30-844F-439D-988B-05ED1A94F1E7}.Debug|x86.Build.0 = Debug|Any CPU
		{4E085B30-844F-439D-988B-05ED1A94F1E7}.Release|Any CPU.ActiveCfg = Release|Any CPU
		{4E085B30-844F-439D-988B-05ED1A94F1E7}.Release|Any CPU.Build.0 = Release|Any CPU
		{4E085B30-844F-439D-988B-05ED1A94F1E7}.Release|x64.ActiveCfg = Release|Any CPU
		{4E085B30-844F-439D-988B-05ED1A94F1E7}.Release|x64.Build.0 = Release|Any CPU
		{4E085B30-844F-439D-988B-05ED1A94F1E7}.Release|x86.ActiveCfg = Release|Any CPU
		{4E085B30-844F-439D-988B-05ED1A94F1E7}.Release|x86.Build.0 = Release|Any CPU
		{D4F337EC-BA48-4BBE-B71A-C97C4D0D563C}.Debug|Any CPU.ActiveCfg = Debug|Any CPU
		{D4F337EC-BA48-4BBE-B71A-C97C4D0D563C}.Debug|Any CPU.Build.0 = Debug|Any CPU
		{D4F337EC-BA48-4BBE-B71A-C97C4D0D563C}.Debug|x64.ActiveCfg = Debug|Any CPU
		{D4F337EC-BA48-4BBE-B71A-C97C4D0D563C}.Debug|x64.Build.0 = Debug|Any CPU
		{D4F337EC-BA48-4BBE-B71A-C97C4D0D563C}.Debug|x86.ActiveCfg = Debug|Any CPU
		{D4F337EC-BA48-4BBE-B71A-C97C4D0D563C}.Debug|x86.Build.0 = Debug|Any CPU
		{D4F337EC-BA48-4BBE-B71A-C97C4D0D563C}.Release|Any CPU.ActiveCfg = Release|Any CPU
		{D4F337EC-BA48-4BBE-B71A-C97C4D0D563C}.Release|Any CPU.Build.0 = Release|Any CPU
		{D4F337EC-BA48-4BBE-B71A-C97C4D0D563C}.Release|x64.ActiveCfg = Release|Any CPU
		{D4F337EC-BA48-4BBE-B71A-C97C4D0D563C}.Release|x64.Build.0 = Release|Any CPU
		{D4F337EC-BA48-4BBE-B71A-C97C4D0D563C}.Release|x86.ActiveCfg = Release|Any CPU
		{D4F337EC-BA48-4BBE-B71A-C97C4D0D563C}.Release|x86.Build.0 = Release|Any CPU
		{84E25178-7A68-4DE0-8616-19927AE2576D}.Debug|Any CPU.ActiveCfg = Debug|Any CPU
		{84E25178-7A68-4DE0-8616-19927AE2576D}.Debug|Any CPU.Build.0 = Debug|Any CPU
		{84E25178-7A68-4DE0-8616-19927AE2576D}.Debug|x64.ActiveCfg = Debug|Any CPU
		{84E25178-7A68-4DE0-8616-19927AE2576D}.Debug|x64.Build.0 = Debug|Any CPU
		{84E25178-7A68-4DE0-8616-19927AE2576D}.Debug|x86.ActiveCfg = Debug|Any CPU
		{84E25178-7A68-4DE0-8616-19927AE2576D}.Debug|x86.Build.0 = Debug|Any CPU
		{84E25178-7A68-4DE0-8616-19927AE2576D}.Release|Any CPU.ActiveCfg = Release|Any CPU
		{84E25178-7A68-4DE0-8616-19927AE2576D}.Release|Any CPU.Build.0 = Release|Any CPU
		{84E25178-7A68-4DE0-8616-19927AE2576D}.Release|x64.ActiveCfg = Release|Any CPU
		{84E25178-7A68-4DE0-8616-19927AE2576D}.Release|x64.Build.0 = Release|Any CPU
		{84E25178-7A68-4DE0-8616-19927AE2576D}.Release|x86.ActiveCfg = Release|Any CPU
		{84E25178-7A68-4DE0-8616-19927AE2576D}.Release|x86.Build.0 = Release|Any CPU
		{3BFDCE6D-6862-4340-91B2-B01AC8E4A1F6}.Debug|Any CPU.ActiveCfg = Debug|Any CPU
		{3BFDCE6D-6862-4340-91B2-B01AC8E4A1F6}.Debug|Any CPU.Build.0 = Debug|Any CPU
		{3BFDCE6D-6862-4340-91B2-B01AC8E4A1F6}.Debug|x64.ActiveCfg = Debug|Any CPU
		{3BFDCE6D-6862-4340-91B2-B01AC8E4A1F6}.Debug|x64.Build.0 = Debug|Any CPU
		{3BFDCE6D-6862-4340-91B2-B01AC8E4A1F6}.Debug|x86.ActiveCfg = Debug|Any CPU
		{3BFDCE6D-6862-4340-91B2-B01AC8E4A1F6}.Debug|x86.Build.0 = Debug|Any CPU
		{3BFDCE6D-6862-4340-91B2-B01AC8E4A1F6}.Release|Any CPU.ActiveCfg = Release|Any CPU
		{3BFDCE6D-6862-4340-91B2-B01AC8E4A1F6}.Release|Any CPU.Build.0 = Release|Any CPU
		{3BFDCE6D-6862-4340-91B2-B01AC8E4A1F6}.Release|x64.ActiveCfg = Release|Any CPU
		{3BFDCE6D-6862-4340-91B2-B01AC8E4A1F6}.Release|x64.Build.0 = Release|Any CPU
		{3BFDCE6D-6862-4340-91B2-B01AC8E4A1F6}.Release|x86.ActiveCfg = Release|Any CPU
		{3BFDCE6D-6862-4340-91B2-B01AC8E4A1F6}.Release|x86.Build.0 = Release|Any CPU
		{419821A3-09EF-4C90-9296-C95A62BEA1AD}.Debug|Any CPU.ActiveCfg = Debug|Any CPU
		{419821A3-09EF-4C90-9296-C95A62BEA1AD}.Debug|Any CPU.Build.0 = Debug|Any CPU
		{419821A3-09EF-4C90-9296-C95A62BEA1AD}.Debug|x64.ActiveCfg = Debug|Any CPU
		{419821A3-09EF-4C90-9296-C95A62BEA1AD}.Debug|x64.Build.0 = Debug|Any CPU
		{419821A3-09EF-4C90-9296-C95A62BEA1AD}.Debug|x86.ActiveCfg = Debug|Any CPU
		{419821A3-09EF-4C90-9296-C95A62BEA1AD}.Debug|x86.Build.0 = Debug|Any CPU
		{419821A3-09EF-4C90-9296-C95A62BEA1AD}.Release|Any CPU.ActiveCfg = Release|Any CPU
		{419821A3-09EF-4C90-9296-C95A62BEA1AD}.Release|Any CPU.Build.0 = Release|Any CPU
		{419821A3-09EF-4C90-9296-C95A62BEA1AD}.Release|x64.ActiveCfg = Release|Any CPU
		{419821A3-09EF-4C90-9296-C95A62BEA1AD}.Release|x64.Build.0 = Release|Any CPU
		{419821A3-09EF-4C90-9296-C95A62BEA1AD}.Release|x86.ActiveCfg = Release|Any CPU
		{419821A3-09EF-4C90-9296-C95A62BEA1AD}.Release|x86.Build.0 = Release|Any CPU
		{AA0D36BB-976A-48AF-ADC1-D4B4E59227FF}.Debug|Any CPU.ActiveCfg = Debug|Any CPU
		{AA0D36BB-976A-48AF-ADC1-D4B4E59227FF}.Debug|Any CPU.Build.0 = Debug|Any CPU
		{AA0D36BB-976A-48AF-ADC1-D4B4E59227FF}.Debug|x64.ActiveCfg = Debug|Any CPU
		{AA0D36BB-976A-48AF-ADC1-D4B4E59227FF}.Debug|x64.Build.0 = Debug|Any CPU
		{AA0D36BB-976A-48AF-ADC1-D4B4E59227FF}.Debug|x86.ActiveCfg = Debug|Any CPU
		{AA0D36BB-976A-48AF-ADC1-D4B4E59227FF}.Debug|x86.Build.0 = Debug|Any CPU
		{AA0D36BB-976A-48AF-ADC1-D4B4E59227FF}.Release|Any CPU.ActiveCfg = Release|Any CPU
		{AA0D36BB-976A-48AF-ADC1-D4B4E59227FF}.Release|Any CPU.Build.0 = Release|Any CPU
		{AA0D36BB-976A-48AF-ADC1-D4B4E59227FF}.Release|x64.ActiveCfg = Release|Any CPU
		{AA0D36BB-976A-48AF-ADC1-D4B4E59227FF}.Release|x64.Build.0 = Release|Any CPU
		{AA0D36BB-976A-48AF-ADC1-D4B4E59227FF}.Release|x86.ActiveCfg = Release|Any CPU
		{AA0D36BB-976A-48AF-ADC1-D4B4E59227FF}.Release|x86.Build.0 = Release|Any CPU
		{491AAAFB-3C92-4E5A-8CD9-0A65D9B77825}.Debug|Any CPU.ActiveCfg = Debug|Any CPU
		{491AAAFB-3C92-4E5A-8CD9-0A65D9B77825}.Debug|Any CPU.Build.0 = Debug|Any CPU
		{491AAAFB-3C92-4E5A-8CD9-0A65D9B77825}.Debug|x64.ActiveCfg = Debug|Any CPU
		{491AAAFB-3C92-4E5A-8CD9-0A65D9B77825}.Debug|x64.Build.0 = Debug|Any CPU
		{491AAAFB-3C92-4E5A-8CD9-0A65D9B77825}.Debug|x86.ActiveCfg = Debug|Any CPU
		{491AAAFB-3C92-4E5A-8CD9-0A65D9B77825}.Debug|x86.Build.0 = Debug|Any CPU
		{491AAAFB-3C92-4E5A-8CD9-0A65D9B77825}.Release|Any CPU.ActiveCfg = Release|Any CPU
		{491AAAFB-3C92-4E5A-8CD9-0A65D9B77825}.Release|Any CPU.Build.0 = Release|Any CPU
		{491AAAFB-3C92-4E5A-8CD9-0A65D9B77825}.Release|x64.ActiveCfg = Release|Any CPU
		{491AAAFB-3C92-4E5A-8CD9-0A65D9B77825}.Release|x64.Build.0 = Release|Any CPU
		{491AAAFB-3C92-4E5A-8CD9-0A65D9B77825}.Release|x86.ActiveCfg = Release|Any CPU
		{491AAAFB-3C92-4E5A-8CD9-0A65D9B77825}.Release|x86.Build.0 = Release|Any CPU
		{DE091E52-CF24-4AA9-AE10-B04F97F7243C}.Debug|Any CPU.ActiveCfg = Debug|Any CPU
		{DE091E52-CF24-4AA9-AE10-B04F97F7243C}.Debug|Any CPU.Build.0 = Debug|Any CPU
		{DE091E52-CF24-4AA9-AE10-B04F97F7243C}.Debug|x64.ActiveCfg = Debug|Any CPU
		{DE091E52-CF24-4AA9-AE10-B04F97F7243C}.Debug|x64.Build.0 = Debug|Any CPU
		{DE091E52-CF24-4AA9-AE10-B04F97F7243C}.Debug|x86.ActiveCfg = Debug|Any CPU
		{DE091E52-CF24-4AA9-AE10-B04F97F7243C}.Debug|x86.Build.0 = Debug|Any CPU
		{DE091E52-CF24-4AA9-AE10-B04F97F7243C}.Release|Any CPU.ActiveCfg = Release|Any CPU
		{DE091E52-CF24-4AA9-AE10-B04F97F7243C}.Release|Any CPU.Build.0 = Release|Any CPU
		{DE091E52-CF24-4AA9-AE10-B04F97F7243C}.Release|x64.ActiveCfg = Release|Any CPU
		{DE091E52-CF24-4AA9-AE10-B04F97F7243C}.Release|x64.Build.0 = Release|Any CPU
		{DE091E52-CF24-4AA9-AE10-B04F97F7243C}.Release|x86.ActiveCfg = Release|Any CPU
		{DE091E52-CF24-4AA9-AE10-B04F97F7243C}.Release|x86.Build.0 = Release|Any CPU
		{3B574477-F77F-422C-B0D6-C097A46EA458}.Debug|Any CPU.ActiveCfg = Debug|Any CPU
		{3B574477-F77F-422C-B0D6-C097A46EA458}.Debug|Any CPU.Build.0 = Debug|Any CPU
		{3B574477-F77F-422C-B0D6-C097A46EA458}.Debug|x64.ActiveCfg = Debug|Any CPU
		{3B574477-F77F-422C-B0D6-C097A46EA458}.Debug|x64.Build.0 = Debug|Any CPU
		{3B574477-F77F-422C-B0D6-C097A46EA458}.Debug|x86.ActiveCfg = Debug|Any CPU
		{3B574477-F77F-422C-B0D6-C097A46EA458}.Debug|x86.Build.0 = Debug|Any CPU
		{3B574477-F77F-422C-B0D6-C097A46EA458}.Release|Any CPU.ActiveCfg = Release|Any CPU
		{3B574477-F77F-422C-B0D6-C097A46EA458}.Release|Any CPU.Build.0 = Release|Any CPU
		{3B574477-F77F-422C-B0D6-C097A46EA458}.Release|x64.ActiveCfg = Release|Any CPU
		{3B574477-F77F-422C-B0D6-C097A46EA458}.Release|x64.Build.0 = Release|Any CPU
		{3B574477-F77F-422C-B0D6-C097A46EA458}.Release|x86.ActiveCfg = Release|Any CPU
		{3B574477-F77F-422C-B0D6-C097A46EA458}.Release|x86.Build.0 = Release|Any CPU
		{30F674B5-898B-4979-94C2-9A0A05A211F2}.Debug|Any CPU.ActiveCfg = Debug|Any CPU
		{30F674B5-898B-4979-94C2-9A0A05A211F2}.Debug|Any CPU.Build.0 = Debug|Any CPU
		{30F674B5-898B-4979-94C2-9A0A05A211F2}.Debug|x64.ActiveCfg = Debug|Any CPU
		{30F674B5-898B-4979-94C2-9A0A05A211F2}.Debug|x64.Build.0 = Debug|Any CPU
		{30F674B5-898B-4979-94C2-9A0A05A211F2}.Debug|x86.ActiveCfg = Debug|Any CPU
		{30F674B5-898B-4979-94C2-9A0A05A211F2}.Debug|x86.Build.0 = Debug|Any CPU
		{30F674B5-898B-4979-94C2-9A0A05A211F2}.Release|Any CPU.ActiveCfg = Release|Any CPU
		{30F674B5-898B-4979-94C2-9A0A05A211F2}.Release|Any CPU.Build.0 = Release|Any CPU
		{30F674B5-898B-4979-94C2-9A0A05A211F2}.Release|x64.ActiveCfg = Release|Any CPU
		{30F674B5-898B-4979-94C2-9A0A05A211F2}.Release|x64.Build.0 = Release|Any CPU
		{30F674B5-898B-4979-94C2-9A0A05A211F2}.Release|x86.ActiveCfg = Release|Any CPU
		{30F674B5-898B-4979-94C2-9A0A05A211F2}.Release|x86.Build.0 = Release|Any CPU
		{5E746101-C4CB-44ED-A119-2392CBBC51E8}.Debug|Any CPU.ActiveCfg = Debug|Any CPU
		{5E746101-C4CB-44ED-A119-2392CBBC51E8}.Debug|Any CPU.Build.0 = Debug|Any CPU
		{5E746101-C4CB-44ED-A119-2392CBBC51E8}.Debug|x64.ActiveCfg = Debug|Any CPU
		{5E746101-C4CB-44ED-A119-2392CBBC51E8}.Debug|x64.Build.0 = Debug|Any CPU
		{5E746101-C4CB-44ED-A119-2392CBBC51E8}.Debug|x86.ActiveCfg = Debug|Any CPU
		{5E746101-C4CB-44ED-A119-2392CBBC51E8}.Debug|x86.Build.0 = Debug|Any CPU
		{5E746101-C4CB-44ED-A119-2392CBBC51E8}.Release|Any CPU.ActiveCfg = Release|Any CPU
		{5E746101-C4CB-44ED-A119-2392CBBC51E8}.Release|Any CPU.Build.0 = Release|Any CPU
		{5E746101-C4CB-44ED-A119-2392CBBC51E8}.Release|x64.ActiveCfg = Release|Any CPU
		{5E746101-C4CB-44ED-A119-2392CBBC51E8}.Release|x64.Build.0 = Release|Any CPU
		{5E746101-C4CB-44ED-A119-2392CBBC51E8}.Release|x86.ActiveCfg = Release|Any CPU
		{5E746101-C4CB-44ED-A119-2392CBBC51E8}.Release|x86.Build.0 = Release|Any CPU
		{62702FA8-159D-4580-9EF1-1FB1B9C3CB27}.Debug|Any CPU.ActiveCfg = Debug|Any CPU
		{62702FA8-159D-4580-9EF1-1FB1B9C3CB27}.Debug|Any CPU.Build.0 = Debug|Any CPU
		{62702FA8-159D-4580-9EF1-1FB1B9C3CB27}.Debug|x64.ActiveCfg = Debug|Any CPU
		{62702FA8-159D-4580-9EF1-1FB1B9C3CB27}.Debug|x64.Build.0 = Debug|Any CPU
		{62702FA8-159D-4580-9EF1-1FB1B9C3CB27}.Debug|x86.ActiveCfg = Debug|Any CPU
		{62702FA8-159D-4580-9EF1-1FB1B9C3CB27}.Debug|x86.Build.0 = Debug|Any CPU
		{62702FA8-159D-4580-9EF1-1FB1B9C3CB27}.Release|Any CPU.ActiveCfg = Release|Any CPU
		{62702FA8-159D-4580-9EF1-1FB1B9C3CB27}.Release|Any CPU.Build.0 = Release|Any CPU
		{62702FA8-159D-4580-9EF1-1FB1B9C3CB27}.Release|x64.ActiveCfg = Release|Any CPU
		{62702FA8-159D-4580-9EF1-1FB1B9C3CB27}.Release|x64.Build.0 = Release|Any CPU
		{62702FA8-159D-4580-9EF1-1FB1B9C3CB27}.Release|x86.ActiveCfg = Release|Any CPU
		{62702FA8-159D-4580-9EF1-1FB1B9C3CB27}.Release|x86.Build.0 = Release|Any CPU
		{0BACAFC2-9856-4FE6-9A52-192F624387D0}.Debug|Any CPU.ActiveCfg = Debug|Any CPU
		{0BACAFC2-9856-4FE6-9A52-192F624387D0}.Debug|Any CPU.Build.0 = Debug|Any CPU
		{0BACAFC2-9856-4FE6-9A52-192F624387D0}.Debug|x64.ActiveCfg = Debug|Any CPU
		{0BACAFC2-9856-4FE6-9A52-192F624387D0}.Debug|x64.Build.0 = Debug|Any CPU
		{0BACAFC2-9856-4FE6-9A52-192F624387D0}.Debug|x86.ActiveCfg = Debug|Any CPU
		{0BACAFC2-9856-4FE6-9A52-192F624387D0}.Debug|x86.Build.0 = Debug|Any CPU
		{0BACAFC2-9856-4FE6-9A52-192F624387D0}.Release|Any CPU.ActiveCfg = Release|Any CPU
		{0BACAFC2-9856-4FE6-9A52-192F624387D0}.Release|Any CPU.Build.0 = Release|Any CPU
		{0BACAFC2-9856-4FE6-9A52-192F624387D0}.Release|x64.ActiveCfg = Release|Any CPU
		{0BACAFC2-9856-4FE6-9A52-192F624387D0}.Release|x64.Build.0 = Release|Any CPU
		{0BACAFC2-9856-4FE6-9A52-192F624387D0}.Release|x86.ActiveCfg = Release|Any CPU
		{0BACAFC2-9856-4FE6-9A52-192F624387D0}.Release|x86.Build.0 = Release|Any CPU
		{51C56A5A-3D9A-4C9A-8DF5-6133F31CDAC3}.Debug|Any CPU.ActiveCfg = Debug|Any CPU
		{51C56A5A-3D9A-4C9A-8DF5-6133F31CDAC3}.Debug|Any CPU.Build.0 = Debug|Any CPU
		{51C56A5A-3D9A-4C9A-8DF5-6133F31CDAC3}.Debug|x64.ActiveCfg = Debug|Any CPU
		{51C56A5A-3D9A-4C9A-8DF5-6133F31CDAC3}.Debug|x64.Build.0 = Debug|Any CPU
		{51C56A5A-3D9A-4C9A-8DF5-6133F31CDAC3}.Debug|x86.ActiveCfg = Debug|Any CPU
		{51C56A5A-3D9A-4C9A-8DF5-6133F31CDAC3}.Debug|x86.Build.0 = Debug|Any CPU
		{51C56A5A-3D9A-4C9A-8DF5-6133F31CDAC3}.Release|Any CPU.ActiveCfg = Release|Any CPU
		{51C56A5A-3D9A-4C9A-8DF5-6133F31CDAC3}.Release|Any CPU.Build.0 = Release|Any CPU
		{51C56A5A-3D9A-4C9A-8DF5-6133F31CDAC3}.Release|x64.ActiveCfg = Release|Any CPU
		{51C56A5A-3D9A-4C9A-8DF5-6133F31CDAC3}.Release|x64.Build.0 = Release|Any CPU
		{51C56A5A-3D9A-4C9A-8DF5-6133F31CDAC3}.Release|x86.ActiveCfg = Release|Any CPU
		{51C56A5A-3D9A-4C9A-8DF5-6133F31CDAC3}.Release|x86.Build.0 = Release|Any CPU
		{6CB14C58-3E5E-4583-8E85-DFBFB827071E}.Debug|Any CPU.ActiveCfg = Debug|Any CPU
		{6CB14C58-3E5E-4583-8E85-DFBFB827071E}.Debug|Any CPU.Build.0 = Debug|Any CPU
		{6CB14C58-3E5E-4583-8E85-DFBFB827071E}.Debug|x64.ActiveCfg = Debug|Any CPU
		{6CB14C58-3E5E-4583-8E85-DFBFB827071E}.Debug|x64.Build.0 = Debug|Any CPU
		{6CB14C58-3E5E-4583-8E85-DFBFB827071E}.Debug|x86.ActiveCfg = Debug|Any CPU
		{6CB14C58-3E5E-4583-8E85-DFBFB827071E}.Debug|x86.Build.0 = Debug|Any CPU
		{6CB14C58-3E5E-4583-8E85-DFBFB827071E}.Release|Any CPU.ActiveCfg = Release|Any CPU
		{6CB14C58-3E5E-4583-8E85-DFBFB827071E}.Release|Any CPU.Build.0 = Release|Any CPU
		{6CB14C58-3E5E-4583-8E85-DFBFB827071E}.Release|x64.ActiveCfg = Release|Any CPU
		{6CB14C58-3E5E-4583-8E85-DFBFB827071E}.Release|x64.Build.0 = Release|Any CPU
		{6CB14C58-3E5E-4583-8E85-DFBFB827071E}.Release|x86.ActiveCfg = Release|Any CPU
		{6CB14C58-3E5E-4583-8E85-DFBFB827071E}.Release|x86.Build.0 = Release|Any CPU
		{B780BE44-8A0F-455F-A5CA-ADE3786E62C0}.Debug|Any CPU.ActiveCfg = Debug|Any CPU
		{B780BE44-8A0F-455F-A5CA-ADE3786E62C0}.Debug|Any CPU.Build.0 = Debug|Any CPU
		{B780BE44-8A0F-455F-A5CA-ADE3786E62C0}.Debug|x64.ActiveCfg = Debug|Any CPU
		{B780BE44-8A0F-455F-A5CA-ADE3786E62C0}.Debug|x64.Build.0 = Debug|Any CPU
		{B780BE44-8A0F-455F-A5CA-ADE3786E62C0}.Debug|x86.ActiveCfg = Debug|Any CPU
		{B780BE44-8A0F-455F-A5CA-ADE3786E62C0}.Debug|x86.Build.0 = Debug|Any CPU
		{B780BE44-8A0F-455F-A5CA-ADE3786E62C0}.Release|Any CPU.ActiveCfg = Release|Any CPU
		{B780BE44-8A0F-455F-A5CA-ADE3786E62C0}.Release|Any CPU.Build.0 = Release|Any CPU
		{B780BE44-8A0F-455F-A5CA-ADE3786E62C0}.Release|x64.ActiveCfg = Release|Any CPU
		{B780BE44-8A0F-455F-A5CA-ADE3786E62C0}.Release|x64.Build.0 = Release|Any CPU
		{B780BE44-8A0F-455F-A5CA-ADE3786E62C0}.Release|x86.ActiveCfg = Release|Any CPU
		{B780BE44-8A0F-455F-A5CA-ADE3786E62C0}.Release|x86.Build.0 = Release|Any CPU
		{6082C963-7E08-4AA4-9C07-16CCC8A2B6A8}.Debug|Any CPU.ActiveCfg = Debug|Any CPU
		{6082C963-7E08-4AA4-9C07-16CCC8A2B6A8}.Debug|Any CPU.Build.0 = Debug|Any CPU
		{6082C963-7E08-4AA4-9C07-16CCC8A2B6A8}.Debug|x64.ActiveCfg = Debug|Any CPU
		{6082C963-7E08-4AA4-9C07-16CCC8A2B6A8}.Debug|x64.Build.0 = Debug|Any CPU
		{6082C963-7E08-4AA4-9C07-16CCC8A2B6A8}.Debug|x86.ActiveCfg = Debug|Any CPU
		{6082C963-7E08-4AA4-9C07-16CCC8A2B6A8}.Debug|x86.Build.0 = Debug|Any CPU
		{6082C963-7E08-4AA4-9C07-16CCC8A2B6A8}.Release|Any CPU.ActiveCfg = Release|Any CPU
		{6082C963-7E08-4AA4-9C07-16CCC8A2B6A8}.Release|Any CPU.Build.0 = Release|Any CPU
		{6082C963-7E08-4AA4-9C07-16CCC8A2B6A8}.Release|x64.ActiveCfg = Release|Any CPU
		{6082C963-7E08-4AA4-9C07-16CCC8A2B6A8}.Release|x64.Build.0 = Release|Any CPU
		{6082C963-7E08-4AA4-9C07-16CCC8A2B6A8}.Release|x86.ActiveCfg = Release|Any CPU
		{6082C963-7E08-4AA4-9C07-16CCC8A2B6A8}.Release|x86.Build.0 = Release|Any CPU
		{2B8BE97C-631E-4117-B6EF-4C7E1D856ABB}.Debug|Any CPU.ActiveCfg = Debug|Any CPU
		{2B8BE97C-631E-4117-B6EF-4C7E1D856ABB}.Debug|Any CPU.Build.0 = Debug|Any CPU
		{2B8BE97C-631E-4117-B6EF-4C7E1D856ABB}.Debug|x64.ActiveCfg = Debug|Any CPU
		{2B8BE97C-631E-4117-B6EF-4C7E1D856ABB}.Debug|x64.Build.0 = Debug|Any CPU
		{2B8BE97C-631E-4117-B6EF-4C7E1D856ABB}.Debug|x86.ActiveCfg = Debug|Any CPU
		{2B8BE97C-631E-4117-B6EF-4C7E1D856ABB}.Debug|x86.Build.0 = Debug|Any CPU
		{2B8BE97C-631E-4117-B6EF-4C7E1D856ABB}.Release|Any CPU.ActiveCfg = Release|Any CPU
		{2B8BE97C-631E-4117-B6EF-4C7E1D856ABB}.Release|Any CPU.Build.0 = Release|Any CPU
		{2B8BE97C-631E-4117-B6EF-4C7E1D856ABB}.Release|x64.ActiveCfg = Release|Any CPU
		{2B8BE97C-631E-4117-B6EF-4C7E1D856ABB}.Release|x64.Build.0 = Release|Any CPU
		{2B8BE97C-631E-4117-B6EF-4C7E1D856ABB}.Release|x86.ActiveCfg = Release|Any CPU
		{2B8BE97C-631E-4117-B6EF-4C7E1D856ABB}.Release|x86.Build.0 = Release|Any CPU
		{CD63C8BA-B3BF-4984-BCB3-B86187BE021E}.Debug|Any CPU.ActiveCfg = Debug|Any CPU
		{CD63C8BA-B3BF-4984-BCB3-B86187BE021E}.Debug|Any CPU.Build.0 = Debug|Any CPU
		{CD63C8BA-B3BF-4984-BCB3-B86187BE021E}.Debug|x64.ActiveCfg = Debug|Any CPU
		{CD63C8BA-B3BF-4984-BCB3-B86187BE021E}.Debug|x64.Build.0 = Debug|Any CPU
		{CD63C8BA-B3BF-4984-BCB3-B86187BE021E}.Debug|x86.ActiveCfg = Debug|Any CPU
		{CD63C8BA-B3BF-4984-BCB3-B86187BE021E}.Debug|x86.Build.0 = Debug|Any CPU
		{CD63C8BA-B3BF-4984-BCB3-B86187BE021E}.Release|Any CPU.ActiveCfg = Release|Any CPU
		{CD63C8BA-B3BF-4984-BCB3-B86187BE021E}.Release|Any CPU.Build.0 = Release|Any CPU
		{CD63C8BA-B3BF-4984-BCB3-B86187BE021E}.Release|x64.ActiveCfg = Release|Any CPU
		{CD63C8BA-B3BF-4984-BCB3-B86187BE021E}.Release|x64.Build.0 = Release|Any CPU
		{CD63C8BA-B3BF-4984-BCB3-B86187BE021E}.Release|x86.ActiveCfg = Release|Any CPU
		{CD63C8BA-B3BF-4984-BCB3-B86187BE021E}.Release|x86.Build.0 = Release|Any CPU
		{424ACAA7-1E9F-4320-9E36-0736137B201A}.Debug|Any CPU.ActiveCfg = Debug|Any CPU
		{424ACAA7-1E9F-4320-9E36-0736137B201A}.Debug|Any CPU.Build.0 = Debug|Any CPU
		{424ACAA7-1E9F-4320-9E36-0736137B201A}.Debug|x64.ActiveCfg = Debug|Any CPU
		{424ACAA7-1E9F-4320-9E36-0736137B201A}.Debug|x64.Build.0 = Debug|Any CPU
		{424ACAA7-1E9F-4320-9E36-0736137B201A}.Debug|x86.ActiveCfg = Debug|Any CPU
		{424ACAA7-1E9F-4320-9E36-0736137B201A}.Debug|x86.Build.0 = Debug|Any CPU
		{424ACAA7-1E9F-4320-9E36-0736137B201A}.Release|Any CPU.ActiveCfg = Release|Any CPU
		{424ACAA7-1E9F-4320-9E36-0736137B201A}.Release|Any CPU.Build.0 = Release|Any CPU
		{424ACAA7-1E9F-4320-9E36-0736137B201A}.Release|x64.ActiveCfg = Release|Any CPU
		{424ACAA7-1E9F-4320-9E36-0736137B201A}.Release|x64.Build.0 = Release|Any CPU
		{424ACAA7-1E9F-4320-9E36-0736137B201A}.Release|x86.ActiveCfg = Release|Any CPU
		{424ACAA7-1E9F-4320-9E36-0736137B201A}.Release|x86.Build.0 = Release|Any CPU
		{8CA8A2CB-9C3F-456D-A1BD-ABC163DCDD73}.Debug|Any CPU.ActiveCfg = Debug|Any CPU
		{8CA8A2CB-9C3F-456D-A1BD-ABC163DCDD73}.Debug|Any CPU.Build.0 = Debug|Any CPU
		{8CA8A2CB-9C3F-456D-A1BD-ABC163DCDD73}.Debug|x64.ActiveCfg = Debug|Any CPU
		{8CA8A2CB-9C3F-456D-A1BD-ABC163DCDD73}.Debug|x64.Build.0 = Debug|Any CPU
		{8CA8A2CB-9C3F-456D-A1BD-ABC163DCDD73}.Debug|x86.ActiveCfg = Debug|Any CPU
		{8CA8A2CB-9C3F-456D-A1BD-ABC163DCDD73}.Debug|x86.Build.0 = Debug|Any CPU
		{8CA8A2CB-9C3F-456D-A1BD-ABC163DCDD73}.Release|Any CPU.ActiveCfg = Release|Any CPU
		{8CA8A2CB-9C3F-456D-A1BD-ABC163DCDD73}.Release|Any CPU.Build.0 = Release|Any CPU
		{8CA8A2CB-9C3F-456D-A1BD-ABC163DCDD73}.Release|x64.ActiveCfg = Release|Any CPU
		{8CA8A2CB-9C3F-456D-A1BD-ABC163DCDD73}.Release|x64.Build.0 = Release|Any CPU
		{8CA8A2CB-9C3F-456D-A1BD-ABC163DCDD73}.Release|x86.ActiveCfg = Release|Any CPU
		{8CA8A2CB-9C3F-456D-A1BD-ABC163DCDD73}.Release|x86.Build.0 = Release|Any CPU
		{EB08C4DF-DD08-4D13-A955-33EEC03BF063}.Debug|Any CPU.ActiveCfg = Debug|Any CPU
		{EB08C4DF-DD08-4D13-A955-33EEC03BF063}.Debug|Any CPU.Build.0 = Debug|Any CPU
		{EB08C4DF-DD08-4D13-A955-33EEC03BF063}.Debug|x64.ActiveCfg = Debug|Any CPU
		{EB08C4DF-DD08-4D13-A955-33EEC03BF063}.Debug|x64.Build.0 = Debug|Any CPU
		{EB08C4DF-DD08-4D13-A955-33EEC03BF063}.Debug|x86.ActiveCfg = Debug|Any CPU
		{EB08C4DF-DD08-4D13-A955-33EEC03BF063}.Debug|x86.Build.0 = Debug|Any CPU
		{EB08C4DF-DD08-4D13-A955-33EEC03BF063}.Release|Any CPU.ActiveCfg = Release|Any CPU
		{EB08C4DF-DD08-4D13-A955-33EEC03BF063}.Release|Any CPU.Build.0 = Release|Any CPU
		{EB08C4DF-DD08-4D13-A955-33EEC03BF063}.Release|x64.ActiveCfg = Release|Any CPU
		{EB08C4DF-DD08-4D13-A955-33EEC03BF063}.Release|x64.Build.0 = Release|Any CPU
		{EB08C4DF-DD08-4D13-A955-33EEC03BF063}.Release|x86.ActiveCfg = Release|Any CPU
		{EB08C4DF-DD08-4D13-A955-33EEC03BF063}.Release|x86.Build.0 = Release|Any CPU
		{B56117F5-89F5-48D1-A134-22C4E74CA814}.Debug|Any CPU.ActiveCfg = Debug|Any CPU
		{B56117F5-89F5-48D1-A134-22C4E74CA814}.Debug|Any CPU.Build.0 = Debug|Any CPU
		{B56117F5-89F5-48D1-A134-22C4E74CA814}.Debug|x64.ActiveCfg = Debug|Any CPU
		{B56117F5-89F5-48D1-A134-22C4E74CA814}.Debug|x64.Build.0 = Debug|Any CPU
		{B56117F5-89F5-48D1-A134-22C4E74CA814}.Debug|x86.ActiveCfg = Debug|Any CPU
		{B56117F5-89F5-48D1-A134-22C4E74CA814}.Debug|x86.Build.0 = Debug|Any CPU
		{B56117F5-89F5-48D1-A134-22C4E74CA814}.Release|Any CPU.ActiveCfg = Release|Any CPU
		{B56117F5-89F5-48D1-A134-22C4E74CA814}.Release|Any CPU.Build.0 = Release|Any CPU
		{B56117F5-89F5-48D1-A134-22C4E74CA814}.Release|x64.ActiveCfg = Release|Any CPU
		{B56117F5-89F5-48D1-A134-22C4E74CA814}.Release|x64.Build.0 = Release|Any CPU
		{B56117F5-89F5-48D1-A134-22C4E74CA814}.Release|x86.ActiveCfg = Release|Any CPU
		{B56117F5-89F5-48D1-A134-22C4E74CA814}.Release|x86.Build.0 = Release|Any CPU
		{1801540C-E2B5-4C4E-9674-2DEEEBF28C1C}.Debug|Any CPU.ActiveCfg = Debug|Any CPU
		{1801540C-E2B5-4C4E-9674-2DEEEBF28C1C}.Debug|Any CPU.Build.0 = Debug|Any CPU
		{1801540C-E2B5-4C4E-9674-2DEEEBF28C1C}.Debug|x64.ActiveCfg = Debug|Any CPU
		{1801540C-E2B5-4C4E-9674-2DEEEBF28C1C}.Debug|x64.Build.0 = Debug|Any CPU
		{1801540C-E2B5-4C4E-9674-2DEEEBF28C1C}.Debug|x86.ActiveCfg = Debug|Any CPU
		{1801540C-E2B5-4C4E-9674-2DEEEBF28C1C}.Debug|x86.Build.0 = Debug|Any CPU
		{1801540C-E2B5-4C4E-9674-2DEEEBF28C1C}.Release|Any CPU.ActiveCfg = Release|Any CPU
		{1801540C-E2B5-4C4E-9674-2DEEEBF28C1C}.Release|Any CPU.Build.0 = Release|Any CPU
		{1801540C-E2B5-4C4E-9674-2DEEEBF28C1C}.Release|x64.ActiveCfg = Release|Any CPU
		{1801540C-E2B5-4C4E-9674-2DEEEBF28C1C}.Release|x64.Build.0 = Release|Any CPU
		{1801540C-E2B5-4C4E-9674-2DEEEBF28C1C}.Release|x86.ActiveCfg = Release|Any CPU
		{1801540C-E2B5-4C4E-9674-2DEEEBF28C1C}.Release|x86.Build.0 = Release|Any CPU
		{9B5ECDFD-0621-44BD-B57A-B4D8BA0750D6}.Debug|Any CPU.ActiveCfg = Debug|Any CPU
		{9B5ECDFD-0621-44BD-B57A-B4D8BA0750D6}.Debug|Any CPU.Build.0 = Debug|Any CPU
		{9B5ECDFD-0621-44BD-B57A-B4D8BA0750D6}.Debug|x64.ActiveCfg = Debug|Any CPU
		{9B5ECDFD-0621-44BD-B57A-B4D8BA0750D6}.Debug|x64.Build.0 = Debug|Any CPU
		{9B5ECDFD-0621-44BD-B57A-B4D8BA0750D6}.Debug|x86.ActiveCfg = Debug|Any CPU
		{9B5ECDFD-0621-44BD-B57A-B4D8BA0750D6}.Debug|x86.Build.0 = Debug|Any CPU
		{9B5ECDFD-0621-44BD-B57A-B4D8BA0750D6}.Release|Any CPU.ActiveCfg = Release|Any CPU
		{9B5ECDFD-0621-44BD-B57A-B4D8BA0750D6}.Release|Any CPU.Build.0 = Release|Any CPU
		{9B5ECDFD-0621-44BD-B57A-B4D8BA0750D6}.Release|x64.ActiveCfg = Release|Any CPU
		{9B5ECDFD-0621-44BD-B57A-B4D8BA0750D6}.Release|x64.Build.0 = Release|Any CPU
		{9B5ECDFD-0621-44BD-B57A-B4D8BA0750D6}.Release|x86.ActiveCfg = Release|Any CPU
		{9B5ECDFD-0621-44BD-B57A-B4D8BA0750D6}.Release|x86.Build.0 = Release|Any CPU
		{BF0CF947-FB93-4653-A96D-45DB6DDD0C65}.Debug|Any CPU.ActiveCfg = Debug|Any CPU
		{BF0CF947-FB93-4653-A96D-45DB6DDD0C65}.Debug|Any CPU.Build.0 = Debug|Any CPU
		{BF0CF947-FB93-4653-A96D-45DB6DDD0C65}.Debug|x64.ActiveCfg = Debug|Any CPU
		{BF0CF947-FB93-4653-A96D-45DB6DDD0C65}.Debug|x64.Build.0 = Debug|Any CPU
		{BF0CF947-FB93-4653-A96D-45DB6DDD0C65}.Debug|x86.ActiveCfg = Debug|Any CPU
		{BF0CF947-FB93-4653-A96D-45DB6DDD0C65}.Debug|x86.Build.0 = Debug|Any CPU
		{BF0CF947-FB93-4653-A96D-45DB6DDD0C65}.Release|Any CPU.ActiveCfg = Release|Any CPU
		{BF0CF947-FB93-4653-A96D-45DB6DDD0C65}.Release|Any CPU.Build.0 = Release|Any CPU
		{BF0CF947-FB93-4653-A96D-45DB6DDD0C65}.Release|x64.ActiveCfg = Release|Any CPU
		{BF0CF947-FB93-4653-A96D-45DB6DDD0C65}.Release|x64.Build.0 = Release|Any CPU
		{BF0CF947-FB93-4653-A96D-45DB6DDD0C65}.Release|x86.ActiveCfg = Release|Any CPU
		{BF0CF947-FB93-4653-A96D-45DB6DDD0C65}.Release|x86.Build.0 = Release|Any CPU
		{6CC31262-65AA-4F38-9106-47E1FE2B2BD3}.Debug|Any CPU.ActiveCfg = Debug|Any CPU
		{6CC31262-65AA-4F38-9106-47E1FE2B2BD3}.Debug|Any CPU.Build.0 = Debug|Any CPU
		{6CC31262-65AA-4F38-9106-47E1FE2B2BD3}.Debug|x64.ActiveCfg = Debug|Any CPU
		{6CC31262-65AA-4F38-9106-47E1FE2B2BD3}.Debug|x64.Build.0 = Debug|Any CPU
		{6CC31262-65AA-4F38-9106-47E1FE2B2BD3}.Debug|x86.ActiveCfg = Debug|Any CPU
		{6CC31262-65AA-4F38-9106-47E1FE2B2BD3}.Debug|x86.Build.0 = Debug|Any CPU
		{6CC31262-65AA-4F38-9106-47E1FE2B2BD3}.Release|Any CPU.ActiveCfg = Release|Any CPU
		{6CC31262-65AA-4F38-9106-47E1FE2B2BD3}.Release|Any CPU.Build.0 = Release|Any CPU
		{6CC31262-65AA-4F38-9106-47E1FE2B2BD3}.Release|x64.ActiveCfg = Release|Any CPU
		{6CC31262-65AA-4F38-9106-47E1FE2B2BD3}.Release|x64.Build.0 = Release|Any CPU
		{6CC31262-65AA-4F38-9106-47E1FE2B2BD3}.Release|x86.ActiveCfg = Release|Any CPU
		{6CC31262-65AA-4F38-9106-47E1FE2B2BD3}.Release|x86.Build.0 = Release|Any CPU
		{75229F09-7BD1-4FF4-A6C8-D8B99A587B57}.Debug|Any CPU.ActiveCfg = Debug|Any CPU
		{75229F09-7BD1-4FF4-A6C8-D8B99A587B57}.Debug|Any CPU.Build.0 = Debug|Any CPU
		{75229F09-7BD1-4FF4-A6C8-D8B99A587B57}.Debug|x64.ActiveCfg = Debug|Any CPU
		{75229F09-7BD1-4FF4-A6C8-D8B99A587B57}.Debug|x64.Build.0 = Debug|Any CPU
		{75229F09-7BD1-4FF4-A6C8-D8B99A587B57}.Debug|x86.ActiveCfg = Debug|Any CPU
		{75229F09-7BD1-4FF4-A6C8-D8B99A587B57}.Debug|x86.Build.0 = Debug|Any CPU
		{75229F09-7BD1-4FF4-A6C8-D8B99A587B57}.Release|Any CPU.ActiveCfg = Release|Any CPU
		{75229F09-7BD1-4FF4-A6C8-D8B99A587B57}.Release|Any CPU.Build.0 = Release|Any CPU
		{75229F09-7BD1-4FF4-A6C8-D8B99A587B57}.Release|x64.ActiveCfg = Release|Any CPU
		{75229F09-7BD1-4FF4-A6C8-D8B99A587B57}.Release|x64.Build.0 = Release|Any CPU
		{75229F09-7BD1-4FF4-A6C8-D8B99A587B57}.Release|x86.ActiveCfg = Release|Any CPU
		{75229F09-7BD1-4FF4-A6C8-D8B99A587B57}.Release|x86.Build.0 = Release|Any CPU
		{A81E7CE4-C750-4AF3-B868-F0E62D64A141}.Debug|Any CPU.ActiveCfg = Debug|Any CPU
		{A81E7CE4-C750-4AF3-B868-F0E62D64A141}.Debug|Any CPU.Build.0 = Debug|Any CPU
		{A81E7CE4-C750-4AF3-B868-F0E62D64A141}.Debug|x64.ActiveCfg = Debug|Any CPU
		{A81E7CE4-C750-4AF3-B868-F0E62D64A141}.Debug|x64.Build.0 = Debug|Any CPU
		{A81E7CE4-C750-4AF3-B868-F0E62D64A141}.Debug|x86.ActiveCfg = Debug|Any CPU
		{A81E7CE4-C750-4AF3-B868-F0E62D64A141}.Debug|x86.Build.0 = Debug|Any CPU
		{A81E7CE4-C750-4AF3-B868-F0E62D64A141}.Release|Any CPU.ActiveCfg = Release|Any CPU
		{A81E7CE4-C750-4AF3-B868-F0E62D64A141}.Release|Any CPU.Build.0 = Release|Any CPU
		{A81E7CE4-C750-4AF3-B868-F0E62D64A141}.Release|x64.ActiveCfg = Release|Any CPU
		{A81E7CE4-C750-4AF3-B868-F0E62D64A141}.Release|x64.Build.0 = Release|Any CPU
		{A81E7CE4-C750-4AF3-B868-F0E62D64A141}.Release|x86.ActiveCfg = Release|Any CPU
		{A81E7CE4-C750-4AF3-B868-F0E62D64A141}.Release|x86.Build.0 = Release|Any CPU
		{01BDB05D-97F4-4BD6-861D-2A9679EAB5F4}.Debug|Any CPU.ActiveCfg = Debug|Any CPU
		{01BDB05D-97F4-4BD6-861D-2A9679EAB5F4}.Debug|Any CPU.Build.0 = Debug|Any CPU
		{01BDB05D-97F4-4BD6-861D-2A9679EAB5F4}.Debug|x64.ActiveCfg = Debug|Any CPU
		{01BDB05D-97F4-4BD6-861D-2A9679EAB5F4}.Debug|x64.Build.0 = Debug|Any CPU
		{01BDB05D-97F4-4BD6-861D-2A9679EAB5F4}.Debug|x86.ActiveCfg = Debug|Any CPU
		{01BDB05D-97F4-4BD6-861D-2A9679EAB5F4}.Debug|x86.Build.0 = Debug|Any CPU
		{01BDB05D-97F4-4BD6-861D-2A9679EAB5F4}.Release|Any CPU.ActiveCfg = Release|Any CPU
		{01BDB05D-97F4-4BD6-861D-2A9679EAB5F4}.Release|Any CPU.Build.0 = Release|Any CPU
		{01BDB05D-97F4-4BD6-861D-2A9679EAB5F4}.Release|x64.ActiveCfg = Release|Any CPU
		{01BDB05D-97F4-4BD6-861D-2A9679EAB5F4}.Release|x64.Build.0 = Release|Any CPU
		{01BDB05D-97F4-4BD6-861D-2A9679EAB5F4}.Release|x86.ActiveCfg = Release|Any CPU
		{01BDB05D-97F4-4BD6-861D-2A9679EAB5F4}.Release|x86.Build.0 = Release|Any CPU
		{ECDB432D-31CA-4728-AF74-6146975022A6}.Debug|Any CPU.ActiveCfg = Debug|Any CPU
		{ECDB432D-31CA-4728-AF74-6146975022A6}.Debug|Any CPU.Build.0 = Debug|Any CPU
		{ECDB432D-31CA-4728-AF74-6146975022A6}.Debug|x64.ActiveCfg = Debug|Any CPU
		{ECDB432D-31CA-4728-AF74-6146975022A6}.Debug|x64.Build.0 = Debug|Any CPU
		{ECDB432D-31CA-4728-AF74-6146975022A6}.Debug|x86.ActiveCfg = Debug|Any CPU
		{ECDB432D-31CA-4728-AF74-6146975022A6}.Debug|x86.Build.0 = Debug|Any CPU
		{ECDB432D-31CA-4728-AF74-6146975022A6}.Release|Any CPU.ActiveCfg = Release|Any CPU
		{ECDB432D-31CA-4728-AF74-6146975022A6}.Release|Any CPU.Build.0 = Release|Any CPU
		{ECDB432D-31CA-4728-AF74-6146975022A6}.Release|x64.ActiveCfg = Release|Any CPU
		{ECDB432D-31CA-4728-AF74-6146975022A6}.Release|x64.Build.0 = Release|Any CPU
		{ECDB432D-31CA-4728-AF74-6146975022A6}.Release|x86.ActiveCfg = Release|Any CPU
		{ECDB432D-31CA-4728-AF74-6146975022A6}.Release|x86.Build.0 = Release|Any CPU
		{8B8B5933-1DCE-4F85-96DC-81EEAA6112B2}.Debug|Any CPU.ActiveCfg = Debug|Any CPU
		{8B8B5933-1DCE-4F85-96DC-81EEAA6112B2}.Debug|Any CPU.Build.0 = Debug|Any CPU
		{8B8B5933-1DCE-4F85-96DC-81EEAA6112B2}.Debug|x64.ActiveCfg = Debug|Any CPU
		{8B8B5933-1DCE-4F85-96DC-81EEAA6112B2}.Debug|x64.Build.0 = Debug|Any CPU
		{8B8B5933-1DCE-4F85-96DC-81EEAA6112B2}.Debug|x86.ActiveCfg = Debug|Any CPU
		{8B8B5933-1DCE-4F85-96DC-81EEAA6112B2}.Debug|x86.Build.0 = Debug|Any CPU
		{8B8B5933-1DCE-4F85-96DC-81EEAA6112B2}.Release|Any CPU.ActiveCfg = Release|Any CPU
		{8B8B5933-1DCE-4F85-96DC-81EEAA6112B2}.Release|Any CPU.Build.0 = Release|Any CPU
		{8B8B5933-1DCE-4F85-96DC-81EEAA6112B2}.Release|x64.ActiveCfg = Release|Any CPU
		{8B8B5933-1DCE-4F85-96DC-81EEAA6112B2}.Release|x64.Build.0 = Release|Any CPU
		{8B8B5933-1DCE-4F85-96DC-81EEAA6112B2}.Release|x86.ActiveCfg = Release|Any CPU
		{8B8B5933-1DCE-4F85-96DC-81EEAA6112B2}.Release|x86.Build.0 = Release|Any CPU
		{1C7CE6E8-60D3-4114-945E-4B1E7FCE015F}.Debug|Any CPU.ActiveCfg = Debug|Any CPU
		{1C7CE6E8-60D3-4114-945E-4B1E7FCE015F}.Debug|Any CPU.Build.0 = Debug|Any CPU
		{1C7CE6E8-60D3-4114-945E-4B1E7FCE015F}.Debug|x64.ActiveCfg = Debug|Any CPU
		{1C7CE6E8-60D3-4114-945E-4B1E7FCE015F}.Debug|x64.Build.0 = Debug|Any CPU
		{1C7CE6E8-60D3-4114-945E-4B1E7FCE015F}.Debug|x86.ActiveCfg = Debug|Any CPU
		{1C7CE6E8-60D3-4114-945E-4B1E7FCE015F}.Debug|x86.Build.0 = Debug|Any CPU
		{1C7CE6E8-60D3-4114-945E-4B1E7FCE015F}.Release|Any CPU.ActiveCfg = Release|Any CPU
		{1C7CE6E8-60D3-4114-945E-4B1E7FCE015F}.Release|Any CPU.Build.0 = Release|Any CPU
		{1C7CE6E8-60D3-4114-945E-4B1E7FCE015F}.Release|x64.ActiveCfg = Release|Any CPU
		{1C7CE6E8-60D3-4114-945E-4B1E7FCE015F}.Release|x64.Build.0 = Release|Any CPU
		{1C7CE6E8-60D3-4114-945E-4B1E7FCE015F}.Release|x86.ActiveCfg = Release|Any CPU
		{1C7CE6E8-60D3-4114-945E-4B1E7FCE015F}.Release|x86.Build.0 = Release|Any CPU
		{478744DC-B401-48EE-ABA7-E8232F413E90}.Debug|Any CPU.ActiveCfg = Debug|Any CPU
		{478744DC-B401-48EE-ABA7-E8232F413E90}.Debug|Any CPU.Build.0 = Debug|Any CPU
		{478744DC-B401-48EE-ABA7-E8232F413E90}.Debug|x64.ActiveCfg = Debug|Any CPU
		{478744DC-B401-48EE-ABA7-E8232F413E90}.Debug|x64.Build.0 = Debug|Any CPU
		{478744DC-B401-48EE-ABA7-E8232F413E90}.Debug|x86.ActiveCfg = Debug|Any CPU
		{478744DC-B401-48EE-ABA7-E8232F413E90}.Debug|x86.Build.0 = Debug|Any CPU
		{478744DC-B401-48EE-ABA7-E8232F413E90}.Release|Any CPU.ActiveCfg = Release|Any CPU
		{478744DC-B401-48EE-ABA7-E8232F413E90}.Release|Any CPU.Build.0 = Release|Any CPU
		{478744DC-B401-48EE-ABA7-E8232F413E90}.Release|x64.ActiveCfg = Release|Any CPU
		{478744DC-B401-48EE-ABA7-E8232F413E90}.Release|x64.Build.0 = Release|Any CPU
		{478744DC-B401-48EE-ABA7-E8232F413E90}.Release|x86.ActiveCfg = Release|Any CPU
		{478744DC-B401-48EE-ABA7-E8232F413E90}.Release|x86.Build.0 = Release|Any CPU
		{C07C0108-6B54-4F6F-9677-AAF3B6051C58}.Debug|Any CPU.ActiveCfg = Debug|Any CPU
		{C07C0108-6B54-4F6F-9677-AAF3B6051C58}.Debug|Any CPU.Build.0 = Debug|Any CPU
		{C07C0108-6B54-4F6F-9677-AAF3B6051C58}.Debug|x64.ActiveCfg = Debug|Any CPU
		{C07C0108-6B54-4F6F-9677-AAF3B6051C58}.Debug|x64.Build.0 = Debug|Any CPU
		{C07C0108-6B54-4F6F-9677-AAF3B6051C58}.Debug|x86.ActiveCfg = Debug|Any CPU
		{C07C0108-6B54-4F6F-9677-AAF3B6051C58}.Debug|x86.Build.0 = Debug|Any CPU
		{C07C0108-6B54-4F6F-9677-AAF3B6051C58}.Release|Any CPU.ActiveCfg = Release|Any CPU
		{C07C0108-6B54-4F6F-9677-AAF3B6051C58}.Release|Any CPU.Build.0 = Release|Any CPU
		{C07C0108-6B54-4F6F-9677-AAF3B6051C58}.Release|x64.ActiveCfg = Release|Any CPU
		{C07C0108-6B54-4F6F-9677-AAF3B6051C58}.Release|x64.Build.0 = Release|Any CPU
		{C07C0108-6B54-4F6F-9677-AAF3B6051C58}.Release|x86.ActiveCfg = Release|Any CPU
		{C07C0108-6B54-4F6F-9677-AAF3B6051C58}.Release|x86.Build.0 = Release|Any CPU
		{94FD6D9E-B06F-494F-B0B5-94B89BFCEBFB}.Debug|Any CPU.ActiveCfg = Debug|Any CPU
		{94FD6D9E-B06F-494F-B0B5-94B89BFCEBFB}.Debug|Any CPU.Build.0 = Debug|Any CPU
		{94FD6D9E-B06F-494F-B0B5-94B89BFCEBFB}.Debug|x64.ActiveCfg = Debug|Any CPU
		{94FD6D9E-B06F-494F-B0B5-94B89BFCEBFB}.Debug|x64.Build.0 = Debug|Any CPU
		{94FD6D9E-B06F-494F-B0B5-94B89BFCEBFB}.Debug|x86.ActiveCfg = Debug|Any CPU
		{94FD6D9E-B06F-494F-B0B5-94B89BFCEBFB}.Debug|x86.Build.0 = Debug|Any CPU
		{94FD6D9E-B06F-494F-B0B5-94B89BFCEBFB}.Release|Any CPU.ActiveCfg = Release|Any CPU
		{94FD6D9E-B06F-494F-B0B5-94B89BFCEBFB}.Release|Any CPU.Build.0 = Release|Any CPU
		{94FD6D9E-B06F-494F-B0B5-94B89BFCEBFB}.Release|x64.ActiveCfg = Release|Any CPU
		{94FD6D9E-B06F-494F-B0B5-94B89BFCEBFB}.Release|x64.Build.0 = Release|Any CPU
		{94FD6D9E-B06F-494F-B0B5-94B89BFCEBFB}.Release|x86.ActiveCfg = Release|Any CPU
		{94FD6D9E-B06F-494F-B0B5-94B89BFCEBFB}.Release|x86.Build.0 = Release|Any CPU
	EndGlobalSection
	GlobalSection(SolutionProperties) = preSolution
		HideSolutionNode = FALSE
	EndGlobalSection
	GlobalSection(NestedProjects) = preSolution
		{AB6AF91D-95BE-4A28-AF57-C99001AE8333} = {A1A468C3-650E-C533-5DF2-B144BECFC663}
		{E78C7293-A253-4654-9301-FA228CCBABDA} = {A1A468C3-650E-C533-5DF2-B144BECFC663}
		{BD04583C-9B1D-44B6-8986-AB1B05DB7AA5} = {A1A468C3-650E-C533-5DF2-B144BECFC663}
		{BD1F62DB-30D0-481F-BF1D-89B2E393935A} = {A1A468C3-650E-C533-5DF2-B144BECFC663}
		{8CD10B5A-DFF0-4ECE-AC05-DE04F6647100} = {A1A468C3-650E-C533-5DF2-B144BECFC663}
		{A73FD31D-1406-4D6D-8A38-C53F6C5078AE} = {A1A468C3-650E-C533-5DF2-B144BECFC663}
		{0BE6308D-4037-436F-927B-EF85EFAF1B7D} = {A1A468C3-650E-C533-5DF2-B144BECFC663}
		{A37D6F1A-D388-4992-B721-0EF374FC6712} = {A1A468C3-650E-C533-5DF2-B144BECFC663}
		{16C1854B-4E27-4CA3-80EA-304E95622818} = {A1A468C3-650E-C533-5DF2-B144BECFC663}
		{80C5190D-39EF-4698-8B4F-43BBC738843D} = {A1A468C3-650E-C533-5DF2-B144BECFC663}
		{C0C11ED5-4591-4111-BF83-1BF750E785A9} = {A1A468C3-650E-C533-5DF2-B144BECFC663}
		{21A13800-2E76-4441-90C8-171D62CA01B5} = {A1A468C3-650E-C533-5DF2-B144BECFC663}
		{F3A3AC89-EEEB-40E1-A6A5-D2C550EB77A1} = {A1A468C3-650E-C533-5DF2-B144BECFC663}
		{950E5DC6-7651-4C2E-847A-CFB703DE0C15} = {A1A468C3-650E-C533-5DF2-B144BECFC663}
		{6B2E7815-B21D-4BB5-99AD-B4F258F25C1C} = {807CD478-C6A0-F896-4DC7-A33A4D806D0D}
		{82069A5A-DCE7-4A1C-93F8-A4E3606D0D2C} = {807CD478-C6A0-F896-4DC7-A33A4D806D0D}
		{4E085B30-844F-439D-988B-05ED1A94F1E7} = {807CD478-C6A0-F896-4DC7-A33A4D806D0D}
		{D4F337EC-BA48-4BBE-B71A-C97C4D0D563C} = {807CD478-C6A0-F896-4DC7-A33A4D806D0D}
		{84E25178-7A68-4DE0-8616-19927AE2576D} = {807CD478-C6A0-F896-4DC7-A33A4D806D0D}
		{3BFDCE6D-6862-4340-91B2-B01AC8E4A1F6} = {807CD478-C6A0-F896-4DC7-A33A4D806D0D}
		{419821A3-09EF-4C90-9296-C95A62BEA1AD} = {807CD478-C6A0-F896-4DC7-A33A4D806D0D}
		{AA0D36BB-976A-48AF-ADC1-D4B4E59227FF} = {7721D85D-0301-F850-A861-8F9FCBFC5F31}
		{491AAAFB-3C92-4E5A-8CD9-0A65D9B77825} = {7721D85D-0301-F850-A861-8F9FCBFC5F31}
		{DE091E52-CF24-4AA9-AE10-B04F97F7243C} = {7721D85D-0301-F850-A861-8F9FCBFC5F31}
		{3B574477-F77F-422C-B0D6-C097A46EA458} = {7721D85D-0301-F850-A861-8F9FCBFC5F31}
		{30F674B5-898B-4979-94C2-9A0A05A211F2} = {A1A468C3-650E-C533-5DF2-B144BECFC663}
		{5E746101-C4CB-44ED-A119-2392CBBC51E8} = {807CD478-C6A0-F896-4DC7-A33A4D806D0D}
		{62702FA8-159D-4580-9EF1-1FB1B9C3CB27} = {807CD478-C6A0-F896-4DC7-A33A4D806D0D}
		{0BACAFC2-9856-4FE6-9A52-192F624387D0} = {7721D85D-0301-F850-A861-8F9FCBFC5F31}
		{51C56A5A-3D9A-4C9A-8DF5-6133F31CDAC3} = {7721D85D-0301-F850-A861-8F9FCBFC5F31}
		{6CB14C58-3E5E-4583-8E85-DFBFB827071E} = {02BDD47D-9F4B-3038-EE67-049017B04177}
		{B780BE44-8A0F-455F-A5CA-ADE3786E62C0} = {02BDD47D-9F4B-3038-EE67-049017B04177}
		{6082C963-7E08-4AA4-9C07-16CCC8A2B6A8} = {02BDD47D-9F4B-3038-EE67-049017B04177}
		{2B8BE97C-631E-4117-B6EF-4C7E1D856ABB} = {3E066BCD-3056-50B2-3B7E-17DED86C0C67}
		{CD63C8BA-B3BF-4984-BCB3-B86187BE021E} = {3E066BCD-3056-50B2-3B7E-17DED86C0C67}
		{424ACAA7-1E9F-4320-9E36-0736137B201A} = {3E066BCD-3056-50B2-3B7E-17DED86C0C67}
		{8CA8A2CB-9C3F-456D-A1BD-ABC163DCDD73} = {3E066BCD-3056-50B2-3B7E-17DED86C0C67}
		{EB08C4DF-DD08-4D13-A955-33EEC03BF063} = {3E066BCD-3056-50B2-3B7E-17DED86C0C67}
		{B56117F5-89F5-48D1-A134-22C4E74CA814} = {3E066BCD-3056-50B2-3B7E-17DED86C0C67}
		{1801540C-E2B5-4C4E-9674-2DEEEBF28C1C} = {A575D415-5A87-0E32-A04A-323B1D4758F9}
		{9B5ECDFD-0621-44BD-B57A-B4D8BA0750D6} = {1B036D45-8502-8C3F-89BC-E7754FA4FBF2}
		{BF0CF947-FB93-4653-A96D-45DB6DDD0C65} = {1B036D45-8502-8C3F-89BC-E7754FA4FBF2}
		{6CC31262-65AA-4F38-9106-47E1FE2B2BD3} = {635DAB04-FA86-4D08-2659-3A39ACEBB938}
		{75229F09-7BD1-4FF4-A6C8-D8B99A587B57} = {635DAB04-FA86-4D08-2659-3A39ACEBB938}
		{A81E7CE4-C750-4AF3-B868-F0E62D64A141} = {96988830-A31F-C1FE-2074-B8341479E16D}
		{01BDB05D-97F4-4BD6-861D-2A9679EAB5F4} = {96988830-A31F-C1FE-2074-B8341479E16D}
		{ECDB432D-31CA-4728-AF74-6146975022A6} = {96988830-A31F-C1FE-2074-B8341479E16D}
		{8B8B5933-1DCE-4F85-96DC-81EEAA6112B2} = {96988830-A31F-C1FE-2074-B8341479E16D}
		{1C7CE6E8-60D3-4114-945E-4B1E7FCE015F} = {96988830-A31F-C1FE-2074-B8341479E16D}
		{478744DC-B401-48EE-ABA7-E8232F413E90} = {695B1E6F-BA80-4334-0399-1BC5EC792CC6}
		{C07C0108-6B54-4F6F-9677-AAF3B6051C58} = {695B1E6F-BA80-4334-0399-1BC5EC792CC6}
		{94FD6D9E-B06F-494F-B0B5-94B89BFCEBFB} = {695B1E6F-BA80-4334-0399-1BC5EC792CC6}
	EndGlobalSection
EndGlobal
