<Solution>
  <Project Path="IX01_Advanced_LINQ_QueryPipeline/IX01_Advanced_LINQ_QueryPipeline.csproj" />
  <Project Path="IX02_Generics_GenericCache.Tests/IX02_Generics_GenericCache.Tests.csproj" />
  <Project Path="IX02_Generics_GenericCache/IX02_Generics_GenericCache.csproj" />
  <Project Path="IX03_DesignPatterns_PaymentProcessor.Tests/IX03_DesignPatterns_PaymentProcessor.Tests.csproj" />
  <Project Path="IX03_DesignPatterns_PaymentProcessor/IX03_DesignPatterns_PaymentProcessor.csproj" />
  <Project Path="IX04_ErrorHandling_RetryPolicy.Tests/IX04_ErrorHandling_RetryPolicy.Tests.csproj" />
  <Project Path="IX04_ErrorHandling_RetryPolicy/IX04_ErrorHandling_RetryPolicy.csproj" />
  <Project Path="IX05_AsyncAwait_ParallelDataFetcher/IX05_AsyncAwait_ParallelDataFetcher.csproj" />
  <Project Path="IX06_SOLID_Refactoring_ReportGenerator/IX06_SOLID_Refactoring_ReportGenerator.csproj" />
  <Project Path="IX07_DI_NotificationService.Tests/IX07_DI_NotificationService.Tests.csproj" />
  <Project Path="IX07_DI_NotificationService/IX07_DI_NotificationService.csproj" />
  <Project Path="IX08_Collections_PriorityTaskScheduler.Tests/IX08_Collections_PriorityTaskScheduler.Tests.csproj" />
  <Project Path="IX08_Collections_PriorityTaskScheduler/IX08_Collections_PriorityTaskScheduler.csproj" />
  <Project Path="IX09_Refactoring_LegacyOrderSystem.Tests/IX09_Refactoring_LegacyOrderSystem.Tests.csproj" />
  <Project Path="IX09_Refactoring_LegacyOrderSystem/IX09_Refactoring_LegacyOrderSystem.csproj" />
  <Project Path="IX10_MinimalAPI_ProductCatalog.Tests/IX10_MinimalAPI_ProductCatalog.Tests.csproj" />
  <Project Path="IX10_MinimalAPI_ProductCatalog/IX10_MinimalAPI_ProductCatalog.csproj" />
  <Project Path="JD01_xUnit_Advanced_Testing.Tests/JD01_xUnit_Advanced_Testing.Tests.csproj" />
  <Project Path="JD01_xUnit_Advanced_Testing/JD01_xUnit_Advanced_Testing.csproj" />
  <Project Path="JD04_EFCore_Repository_Pattern.Tests/JD04_EFCore_Repository_Pattern.Tests.csproj" />
  <Project Path="JD04_EFCore_Repository_Pattern/JD04_EFCore_Repository_Pattern.csproj" />
  <Project Path="JD05_Debugging_Challenge.Tests/JD05_Debugging_Challenge.Tests.csproj" />
  <Project Path="JD05_Debugging_Challenge/JD05_Debugging_Challenge.csproj" />
  <Project Path="JD07_ASPNetCore_Auth_API.Tests/JD07_ASPNetCore_Auth_API.Tests.csproj" />
  <Project Path="JD07_ASPNetCore_Auth_API/JD07_ASPNetCore_Auth_API.csproj" />
  <Project Path="JD08_StoredProcs_DataAccess.Tests/JD08_StoredProcs_DataAccess.Tests.csproj" />
  <Project Path="JD08_StoredProcs_DataAccess/JD08_StoredProcs_DataAccess.csproj" />
  <Project Path="JD09_Integration_Testing_Suite.Tests/JD09_Integration_Testing_Suite.Tests.csproj" />
  <Project Path="JD09_Integration_Testing_Suite/JD09_Integration_Testing_Suite.csproj" />
  <Project Path="JD10_OrderManagement_System.Tests/JD10_OrderManagement_System.Tests.csproj" />
  <Project Path="JD10_OrderManagement_System/JD10_OrderManagement_System.csproj" />
</Solution>
