
Microsoft Visual Studio Solution File, Format Version 12.00
# Visual Studio Version 17
VisualStudioVersion = 17.5.2.0
MinimumVisualStudioVersion = 10.0.40219.1
Project("{FAE04EC0-301F-11D3-BF4B-00C04F79EFBC}") = "Assignment_Dice_Roll_Game.Tests", "Assignment_Dice_Roll_Game.Tests\Assignment_Dice_Roll_Game.Tests.csproj", "{888035E2-4418-4613-AD8A-2C3C8A381887}"
EndProject
Project("{FAE04EC0-301F-11D3-BF4B-00C04F79EFBC}") = "Assignment_Dice_Roll_Game", "Assignment_Dice_Roll_Game\Assignment_Dice_Roll_Game.csproj", "{6ABDAD02-EFB1-406B-83C7-4AA21DF683BB}"
EndProject
Global
	GlobalSection(SolutionConfigurationPlatforms) = preSolution
		Debug|Any CPU = Debug|Any CPU
		Debug|x64 = Debug|x64
		Debug|x86 = Debug|x86
		Release|Any CPU = Release|Any CPU
		Release|x64 = Release|x64
		Release|x86 = Release|x86
	EndGlobalSection
	GlobalSection(ProjectConfigurationPlatforms) = postSolution
		{888035E2-4418-4613-AD8A-2C3C8A381887}.Debug|Any CPU.ActiveCfg = Debug|Any CPU
		{888035E2-4418-4613-AD8A-2C3C8A381887}.Debug|Any CPU.Build.0 = Debug|Any CPU
		{888035E2-4418-4613-AD8A-2C3C8A381887}.Debug|x64.ActiveCfg = Debug|Any CPU
		{888035E2-4418-4613-AD8A-2C3C8A381887}.Debug|x64.Build.0 = Debug|Any CPU
		{888035E2-4418-4613-AD8A-2C3C8A381887}.Debug|x86.ActiveCfg = Debug|Any CPU
		{888035E2-4418-4613-AD8A-2C3C8A381887}.Debug|x86.Build.0 = Debug|Any CPU
		{888035E2-4418-4613-AD8A-2C3C8A381887}.Release|Any CPU.ActiveCfg = Release|Any CPU
		{888035E2-4418-4613-AD8A-2C3C8A381887}.Release|Any CPU.Build.0 = Release|Any CPU
		{888035E2-4418-4613-AD8A-2C3C8A381887}.Release|x64.ActiveCfg = Release|Any CPU
		{888035E2-4418-4613-AD8A-2C3C8A381887}.Release|x64.Build.0 = Release|Any CPU
		{888035E2-4418-4613-AD8A-2C3C8A381887}.Release|x86.ActiveCfg = Release|Any CPU
		{888035E2-4418-4613-AD8A-2C3C8A381887}.Release|x86.Build.0 = Release|Any CPU
		{6ABDAD02-EFB1-406B-83C7-4AA21DF683BB}.Debug|Any CPU.ActiveCfg = Debug|Any CPU
		{6ABDAD02-EFB1-406B-83C7-4AA21DF683BB}.Debug|Any CPU.Build.0 = Debug|Any CPU
		{6ABDAD02-EFB1-406B-83C7-4AA21DF683BB}.Debug|x64.ActiveCfg = Debug|Any CPU
		{6ABDAD02-EFB1-406B-83C7-4AA21DF683BB}.Debug|x64.Build.0 = Debug|Any CPU
		{6ABDAD02-EFB1-406B-83C7-4AA21DF683BB}.Debug|x86.ActiveCfg = Debug|Any CPU
		{6ABDAD02-EFB1-406B-83C7-4AA21DF683BB}.Debug|x86.Build.0 = Debug|Any CPU
		{6ABDAD02-EFB1-406B-83C7-4AA21DF683BB}.Release|Any CPU.ActiveCfg = Release|Any CPU
		{6ABDAD02-EFB1-406B-83C7-4AA21DF683BB}.Release|Any CPU.Build.0 = Release|Any CPU
		{6ABDAD02-EFB1-406B-83C7-4AA21DF683BB}.Release|x64.ActiveCfg = Release|Any CPU
		{6ABDAD02-EFB1-406B-83C7-4AA21DF683BB}.Release|x64.Build.0 = Release|Any CPU
		{6ABDAD02-EFB1-406B-83C7-4AA21DF683BB}.Release|x86.ActiveCfg = Release|Any CPU
		{6ABDAD02-EFB1-406B-83C7-4AA21DF683BB}.Release|x86.Build.0 = Release|Any CPU
	EndGlobalSection
	GlobalSection(SolutionProperties) = preSolution
		HideSolutionNode = FALSE
	EndGlobalSection
	GlobalSection(ExtensibilityGlobals) = postSolution
		SolutionGuid = {0E367A45-2105-4679-ACFD-D484288D1B82}
	EndGlobalSection
EndGlobal
