Microsoft Visual Studio Solution File, Format Version 12.00
# Visual Studio Version 17
VisualStudioVersion = 17.5.2.0
MinimumVisualStudioVersion = 10.0.40219.1
Project("{FAE04EC0-301F-11D3-BF4B-00C04F79EFBC}") = "Ex61_Method_refactoring", "Ex61_Method_refactoring.csproj", "{ADC4BD13-FFAA-25A3-4144-F62B8C6DF92D}"
EndProject
Global
	GlobalSection(SolutionConfigurationPlatforms) = preSolution
		Debug|Any CPU = Debug|Any CPU
		Release|Any CPU = Release|Any CPU
	EndGlobalSection
	GlobalSection(ProjectConfigurationPlatforms) = postSolution
		{ADC4BD13-FFAA-25A3-4144-F62B8C6DF92D}.Debug|Any CPU.ActiveCfg = Debug|Any CPU
		{ADC4BD13-FFAA-25A3-4144-F62B8C6DF92D}.Debug|Any CPU.Build.0 = Debug|Any CPU
		{ADC4BD13-FFAA-25A3-4144-F62B8C6DF92D}.Release|Any CPU.ActiveCfg = Release|Any CPU
		{ADC4BD13-FFAA-25A3-4144-F62B8C6DF92D}.Release|Any CPU.Build.0 = Release|Any CPU
	EndGlobalSection
	GlobalSection(SolutionProperties) = preSolution
		HideSolutionNode = FALSE
	EndGlobalSection
	GlobalSection(ExtensibilityGlobals) = postSolution
		SolutionGuid = {A26A03FA-DCEC-4D51-A05D-6D175C3633DC}
	EndGlobalSection
EndGlobal
